
Microsoft Visual Studio Solution File, Format Version 12.00
# Visual Studio Version 17
VisualStudioVersion = 17.8.34330.188
MinimumVisualStudioVersion = 10.0.40219.1
Project("{8BC9CEB8-8B4A-11D0-8D11-00A0C91BC942}") = "DEBUGGER", "DEBUGGER\DEBUGGER.vcxproj", "{86236AAF-43EF-42CE-BF4B-5A7C558F7121}"
EndProject
Project("{8BC9CEB8-8B4A-11D0-8D11-00A0C91BC942}") = "PCI2312A", "PCI2312A\PCI2312A.vcxproj", "{933B3380-6995-4D19-B35E-FDD35DC62923}"
EndProject
Project("{8BC9CEB8-8B4A-11D0-8D11-00A0C91BC942}") = "PCI8408", "PCI8408\PCI8408.vcxproj", "{A988680F-5784-4FA0-A0AF-E3C9480F59D4}"
EndProject
Project("{8BC9CEB8-8B4A-11D0-8D11-00A0C91BC942}") = "EM9703", "EM9703\EM9703.vcxproj", "{4A9D557C-6087-481A-BD68-1E1C1A37E4C5}"
EndProject
Project("{8BC9CEB8-8B4A-11D0-8D11-00A0C91BC942}") = "PCI8409", "PCI8409\PCI8409.vcxproj", "{A37B45D1-4560-411F-9028-0C4D997FDA56}"
EndProject
Project("{8BC9CEB8-8B4A-11D0-8D11-00A0C91BC942}") = "PCI8735", "PCI8735\PCI8735.vcxproj", "{F60C0F0C-2104-4CD6-B598-F9BE32A6753D}"
EndProject
Project("{8BC9CEB8-8B4A-11D0-8D11-00A0C91BC942}") = "PCI2394", "PCI2394\PCI2394.vcxproj", "{7A6FEDCD-2A79-4C40-9E71-22972C421916}"
EndProject
Project("{8BC9CEB8-8B4A-11D0-8D11-00A0C91BC942}") = "PCI8201", "PCI8201\PCI8201.vcxproj", "{542C489B-26AD-4469-BE71-BF88568C28CB}"
EndProject
Project("{8BC9CEB8-8B4A-11D0-8D11-00A0C91BC942}") = "USB5538", "USB5538\USB5538.vcxproj", "{9AD272BB-7B2B-40E3-8872-C7498BCA0667}"
EndProject
Project("{8BC9CEB8-8B4A-11D0-8D11-00A0C91BC942}") = "SERIAL-IOFE", "SERIAL-IOFE\SERIAL-IOFE.vcxproj", "{A19AA41B-3E7C-4254-BE07-F546E2C77F95}"
EndProject
Project("{8BC9CEB8-8B4A-11D0-8D11-00A0C91BC942}") = "PCI2310", "PCI2310\PCI2310.vcxproj", "{7B6F7099-127C-4F1F-BCF2-A5AFA65A01A3}"
EndProject
Project("{8BC9CEB8-8B4A-11D0-8D11-00A0C91BC942}") = "RPLIDAR", "RPLIDAR\RPLIDAR.vcxproj", "{7994F0CF-5D9B-46B2-8F9F-13F65696B0D2}"
EndProject
Project("{8BC9CEB8-8B4A-11D0-8D11-00A0C91BC942}") = "MP-NJQK", "MP-NJQK\MP-NJQK.vcxproj", "{0B9B7984-6622-4E2F-BA51-BC052BAC7ACC}"
EndProject
Project("{8BC9CEB8-8B4A-11D0-8D11-00A0C91BC942}") = "PCI2324", "PCI2324\PCI2324.vcxproj", "{EB66C61B-10E0-4927-B318-0FD677E9C256}"
EndProject
Project("{8BC9CEB8-8B4A-11D0-8D11-00A0C91BC942}") = "MP-NJLJ", "MP-NJLJ\MP-NJLJ.vcxproj", "{31089492-4683-449D-A140-A93D4241ADA0}"
EndProject
Project("{8BC9CEB8-8B4A-11D0-8D11-00A0C91BC942}") = "PCI1020", "PCI1020\PCI1020.vcxproj", "{03965DFB-C428-46CC-AF5D-95601EAE80AE}"
EndProject
Project("{8BC9CEB8-8B4A-11D0-8D11-00A0C91BC942}") = "PCI8407", "PCI8407\PCI8407.vcxproj", "{533DADBC-B034-48D9-8B72-F01A23CF806D}"
EndProject
Project("{8BC9CEB8-8B4A-11D0-8D11-00A0C91BC942}") = "DAM3000M", "DAM3000M\DAM3000M.vcxproj", "{53E4F970-8034-47AE-A3B0-7E78C95FAE7B}"
EndProject
Project("{8BC9CEB8-8B4A-11D0-8D11-00A0C91BC942}") = "CCBOX", "CCBOX\CCBOX.vcxproj", "{473F687A-A241-42F2-8569-72228F41355E}"
EndProject
Project("{8BC9CEB8-8B4A-11D0-8D11-00A0C91BC942}") = "EM9008", "EM9008\EM9008.vcxproj", "{439300AE-EA22-42EB-B106-446760D53557}"
EndProject
Project("{8BC9CEB8-8B4A-11D0-8D11-00A0C91BC942}") = "ENCODER-BH38", "ENCODER-BH38\ENCODER-BH38.vcxproj", "{78CB0D88-BDD5-4B8D-A9A3-F708711CEF24}"
EndProject
Project("{8BC9CEB8-8B4A-11D0-8D11-00A0C91BC942}") = "SLDS-D10", "SLDS-D10\SLDS-D10.vcxproj", "{195191EA-6858-4A13-B873-EB89036E3E51}"
EndProject
Project("{8BC9CEB8-8B4A-11D0-8D11-00A0C91BC942}") = "TUIO", "TUIO\TUIO.vcxproj", "{BC4F2BC1-A5A1-4A01-A66F-FFEF0951D720}"
EndProject
Project("{8BC9CEB8-8B4A-11D0-8D11-00A0C91BC942}") = "COMBOKEYS", "COMBOKEYS\COMBOKEYS.vcxproj", "{9DA38C49-E064-4E04-9704-69049AB325BE}"
EndProject
Project("{8BC9CEB8-8B4A-11D0-8D11-00A0C91BC942}") = "ENCODER-BRT38", "ENCODER-BRT38\ENCODER-BRT38.vcxproj", "{816DE280-B7E9-4280-B18E-F1E816B2F73C}"
EndProject
Project("{8BC9CEB8-8B4A-11D0-8D11-00A0C91BC942}") = "KPCI850", "KPCI850\KPCI850.vcxproj", "{6F7F67A3-1C69-4D3D-ACE8-04AB8AA0E64F}"
EndProject
Project("{8BC9CEB8-8B4A-11D0-8D11-00A0C91BC942}") = "ENCODER-BRT38M", "ENCODER-BRT38M\ENCODER-BRT38M.vcxproj", "{B0105B7E-72E5-4F3A-942B-694224EAD741}"
EndProject
Project("{8BC9CEB8-8B4A-11D0-8D11-00A0C91BC942}") = "YK2006", "YK2006\YK2006.vcxproj", "{F312C232-E845-4801-A9DB-C957CA34A488}"
EndProject
Project("{8BC9CEB8-8B4A-11D0-8D11-00A0C91BC942}") = "SERIAL-CARDREADER", "SERIAL-CARDREADER\SERIAL-CARDREADER.vcxproj", "{0B9FEA9B-45B8-42E2-98BF-D275EFB90428}"
EndProject
Project("{8BC9CEB8-8B4A-11D0-8D11-00A0C91BC942}") = "ENCODER-BH38M", "ENCODER-BH38M\ENCODER-BH38M.vcxproj", "{27F8A886-94E8-43FA-8D95-1355C578B36B}"
EndProject
Project("{8BC9CEB8-8B4A-11D0-8D11-00A0C91BC942}") = "CCBOX_SD", "CCBOX_SD\CCBOX_SD.vcxproj", "{3C7A31C1-87FC-4012-A4EE-A34BCCA8C49B}"
EndProject
Project("{8BC9CEB8-8B4A-11D0-8D11-00A0C91BC942}") = "MODBUS", "MODBUS\MODBUS.vcxproj", "{B26022E0-B2EF-4AE9-8AE1-30A579BC733C}"
EndProject
Project("{8BC9CEB8-8B4A-11D0-8D11-00A0C91BC942}") = "PULSE_1020", "PULSE_1020\PULSE_1020.vcxproj", "{D135C2BF-2582-4A90-A335-0823535BED40}"
EndProject
Project("{8BC9CEB8-8B4A-11D0-8D11-00A0C91BC942}") = "CCBOX-AH", "CCBOX-AH\CCBOX-AH.vcxproj", "{A5AB3F5E-B7A7-44EF-B2E8-5D223C343490}"
EndProject
Project("{8BC9CEB8-8B4A-11D0-8D11-00A0C91BC942}") = "IOUI", "IOUI\IOUI.vcxproj", "{91CF33C7-F3DA-4DB3-8A07-82C614D84C01}"
EndProject
Project("{8BC9CEB8-8B4A-11D0-8D11-00A0C91BC942}") = "KPCI1840", "KPCI1840\KPCI1840.vcxproj", "{872E1E4B-60C1-462B-A44C-B63480EFA43E}"
EndProject
Project("{8BC9CEB8-8B4A-11D0-8D11-00A0C91BC942}") = "USB840", "USB840\USB840.vcxproj", "{B649B3F1-CCC3-45FB-92BF-177A73FF19E7}"
EndProject
Project("{8BC9CEB8-8B4A-11D0-8D11-00A0C91BC942}") = "USB840U", "USB840U\USB840U.vcxproj", "{EE9139D4-1042-4D27-9609-B33B29FFC1F4}"
EndProject
Project("{8BC9CEB8-8B4A-11D0-8D11-00A0C91BC942}") = "NETIO", "NETIO\NETIO.vcxproj", "{F4041E14-B17F-421F-9880-B9FE8FF1F78A}"
EndProject
Project("{8BC9CEB8-8B4A-11D0-8D11-00A0C91BC942}") = "KEYBOARD", "KEYBOARD\KEYBOARD.vcxproj", "{97681544-F120-4ABF-83E9-232044FA5616}"
EndProject
Project("{8BC9CEB8-8B4A-11D0-8D11-00A0C91BC942}") = "SNAP7", "SNAP7\SNAP7.vcxproj", "{686F99A2-8AC8-45AB-92DC-024064D02505}"
EndProject
Project("{FAE04EC0-301F-11D3-BF4B-00C04F79EFBC}") = "IOUITester", "IOUITester\IOUITester.csproj", "{3AB4C263-D0D6-4295-B100-FAE3341D851F}"
	ProjectSection(ProjectDependencies) = postProject
		{B26022E0-B2EF-4AE9-8AE1-30A579BC733C} = {B26022E0-B2EF-4AE9-8AE1-30A579BC733C}
	EndProjectSection
EndProject
Project("{FAE04EC0-301F-11D3-BF4B-00C04F79EFBC}") = "IOTester", "..\IODevice\IOTester\IOTester.csproj", "{A648503E-5F34-24B3-27CB-560F23BC8204}"
EndProject
Global
	GlobalSection(SolutionConfigurationPlatforms) = preSolution
		Debug|Any CPU = Debug|Any CPU
		Debug|x64 = Debug|x64
		Debug|x86 = Debug|x86
		Release|Any CPU = Release|Any CPU
		Release|x64 = Release|x64
		Release|x86 = Release|x86
	EndGlobalSection
	GlobalSection(ProjectConfigurationPlatforms) = postSolution
		{86236AAF-43EF-42CE-BF4B-5A7C558F7121}.Debug|Any CPU.ActiveCfg = Debug|x64
		{86236AAF-43EF-42CE-BF4B-5A7C558F7121}.Debug|Any CPU.Build.0 = Debug|x64
		{86236AAF-43EF-42CE-BF4B-5A7C558F7121}.Debug|x64.ActiveCfg = Debug|x64
		{86236AAF-43EF-42CE-BF4B-5A7C558F7121}.Debug|x64.Build.0 = Debug|x64
		{86236AAF-43EF-42CE-BF4B-5A7C558F7121}.Debug|x86.ActiveCfg = Debug|Win32
		{86236AAF-43EF-42CE-BF4B-5A7C558F7121}.Debug|x86.Build.0 = Debug|Win32
		{86236AAF-43EF-42CE-BF4B-5A7C558F7121}.Release|Any CPU.ActiveCfg = Release|x64
		{86236AAF-43EF-42CE-BF4B-5A7C558F7121}.Release|Any CPU.Build.0 = Release|x64
		{86236AAF-43EF-42CE-BF4B-5A7C558F7121}.Release|x64.ActiveCfg = Release|x64
		{86236AAF-43EF-42CE-BF4B-5A7C558F7121}.Release|x64.Build.0 = Release|x64
		{86236AAF-43EF-42CE-BF4B-5A7C558F7121}.Release|x86.ActiveCfg = Release|Win32
		{86236AAF-43EF-42CE-BF4B-5A7C558F7121}.Release|x86.Build.0 = Release|Win32
		{933B3380-6995-4D19-B35E-FDD35DC62923}.Debug|Any CPU.ActiveCfg = Debug|x64
		{933B3380-6995-4D19-B35E-FDD35DC62923}.Debug|Any CPU.Build.0 = Debug|x64
		{933B3380-6995-4D19-B35E-FDD35DC62923}.Debug|x64.ActiveCfg = Debug|x64
		{933B3380-6995-4D19-B35E-FDD35DC62923}.Debug|x64.Build.0 = Debug|x64
		{933B3380-6995-4D19-B35E-FDD35DC62923}.Debug|x86.ActiveCfg = Debug|Win32
		{933B3380-6995-4D19-B35E-FDD35DC62923}.Debug|x86.Build.0 = Debug|Win32
		{933B3380-6995-4D19-B35E-FDD35DC62923}.Release|Any CPU.ActiveCfg = Release|x64
		{933B3380-6995-4D19-B35E-FDD35DC62923}.Release|Any CPU.Build.0 = Release|x64
		{933B3380-6995-4D19-B35E-FDD35DC62923}.Release|x64.ActiveCfg = Release|x64
		{933B3380-6995-4D19-B35E-FDD35DC62923}.Release|x64.Build.0 = Release|x64
		{933B3380-6995-4D19-B35E-FDD35DC62923}.Release|x86.ActiveCfg = Release|Win32
		{933B3380-6995-4D19-B35E-FDD35DC62923}.Release|x86.Build.0 = Release|Win32
		{A988680F-5784-4FA0-A0AF-E3C9480F59D4}.Debug|Any CPU.ActiveCfg = Debug|x64
		{A988680F-5784-4FA0-A0AF-E3C9480F59D4}.Debug|Any CPU.Build.0 = Debug|x64
		{A988680F-5784-4FA0-A0AF-E3C9480F59D4}.Debug|x64.ActiveCfg = Debug|x64
		{A988680F-5784-4FA0-A0AF-E3C9480F59D4}.Debug|x64.Build.0 = Debug|x64
		{A988680F-5784-4FA0-A0AF-E3C9480F59D4}.Debug|x86.ActiveCfg = Debug|Win32
		{A988680F-5784-4FA0-A0AF-E3C9480F59D4}.Debug|x86.Build.0 = Debug|Win32
		{A988680F-5784-4FA0-A0AF-E3C9480F59D4}.Release|Any CPU.ActiveCfg = Release|x64
		{A988680F-5784-4FA0-A0AF-E3C9480F59D4}.Release|Any CPU.Build.0 = Release|x64
		{A988680F-5784-4FA0-A0AF-E3C9480F59D4}.Release|x64.ActiveCfg = Release|x64
		{A988680F-5784-4FA0-A0AF-E3C9480F59D4}.Release|x64.Build.0 = Release|x64
		{A988680F-5784-4FA0-A0AF-E3C9480F59D4}.Release|x86.ActiveCfg = Release|Win32
		{A988680F-5784-4FA0-A0AF-E3C9480F59D4}.Release|x86.Build.0 = Release|Win32
		{4A9D557C-6087-481A-BD68-1E1C1A37E4C5}.Debug|Any CPU.ActiveCfg = Debug|x64
		{4A9D557C-6087-481A-BD68-1E1C1A37E4C5}.Debug|Any CPU.Build.0 = Debug|x64
		{4A9D557C-6087-481A-BD68-1E1C1A37E4C5}.Debug|x64.ActiveCfg = Debug|x64
		{4A9D557C-6087-481A-BD68-1E1C1A37E4C5}.Debug|x64.Build.0 = Debug|x64
		{4A9D557C-6087-481A-BD68-1E1C1A37E4C5}.Debug|x86.ActiveCfg = Debug|Win32
		{4A9D557C-6087-481A-BD68-1E1C1A37E4C5}.Debug|x86.Build.0 = Debug|Win32
		{4A9D557C-6087-481A-BD68-1E1C1A37E4C5}.Release|Any CPU.ActiveCfg = Release|x64
		{4A9D557C-6087-481A-BD68-1E1C1A37E4C5}.Release|Any CPU.Build.0 = Release|x64
		{4A9D557C-6087-481A-BD68-1E1C1A37E4C5}.Release|x64.ActiveCfg = Release|x64
		{4A9D557C-6087-481A-BD68-1E1C1A37E4C5}.Release|x64.Build.0 = Release|x64
		{4A9D557C-6087-481A-BD68-1E1C1A37E4C5}.Release|x86.ActiveCfg = Release|Win32
		{4A9D557C-6087-481A-BD68-1E1C1A37E4C5}.Release|x86.Build.0 = Release|Win32
		{A37B45D1-4560-411F-9028-0C4D997FDA56}.Debug|Any CPU.ActiveCfg = Debug|x64
		{A37B45D1-4560-411F-9028-0C4D997FDA56}.Debug|Any CPU.Build.0 = Debug|x64
		{A37B45D1-4560-411F-9028-0C4D997FDA56}.Debug|x64.ActiveCfg = Debug|x64
		{A37B45D1-4560-411F-9028-0C4D997FDA56}.Debug|x64.Build.0 = Debug|x64
		{A37B45D1-4560-411F-9028-0C4D997FDA56}.Debug|x86.ActiveCfg = Debug|Win32
		{A37B45D1-4560-411F-9028-0C4D997FDA56}.Debug|x86.Build.0 = Debug|Win32
		{A37B45D1-4560-411F-9028-0C4D997FDA56}.Release|Any CPU.ActiveCfg = Release|x64
		{A37B45D1-4560-411F-9028-0C4D997FDA56}.Release|Any CPU.Build.0 = Release|x64
		{A37B45D1-4560-411F-9028-0C4D997FDA56}.Release|x64.ActiveCfg = Release|x64
		{A37B45D1-4560-411F-9028-0C4D997FDA56}.Release|x64.Build.0 = Release|x64
		{A37B45D1-4560-411F-9028-0C4D997FDA56}.Release|x86.ActiveCfg = Release|Win32
		{A37B45D1-4560-411F-9028-0C4D997FDA56}.Release|x86.Build.0 = Release|Win32
		{F60C0F0C-2104-4CD6-B598-F9BE32A6753D}.Debug|Any CPU.ActiveCfg = Debug|x64
		{F60C0F0C-2104-4CD6-B598-F9BE32A6753D}.Debug|Any CPU.Build.0 = Debug|x64
		{F60C0F0C-2104-4CD6-B598-F9BE32A6753D}.Debug|x64.ActiveCfg = Debug|x64
		{F60C0F0C-2104-4CD6-B598-F9BE32A6753D}.Debug|x64.Build.0 = Debug|x64
		{F60C0F0C-2104-4CD6-B598-F9BE32A6753D}.Debug|x86.ActiveCfg = Debug|Win32
		{F60C0F0C-2104-4CD6-B598-F9BE32A6753D}.Debug|x86.Build.0 = Debug|Win32
		{F60C0F0C-2104-4CD6-B598-F9BE32A6753D}.Release|Any CPU.ActiveCfg = Release|x64
		{F60C0F0C-2104-4CD6-B598-F9BE32A6753D}.Release|Any CPU.Build.0 = Release|x64
		{F60C0F0C-2104-4CD6-B598-F9BE32A6753D}.Release|x64.ActiveCfg = Release|x64
		{F60C0F0C-2104-4CD6-B598-F9BE32A6753D}.Release|x64.Build.0 = Release|x64
		{F60C0F0C-2104-4CD6-B598-F9BE32A6753D}.Release|x86.ActiveCfg = Release|Win32
		{F60C0F0C-2104-4CD6-B598-F9BE32A6753D}.Release|x86.Build.0 = Release|Win32
		{7A6FEDCD-2A79-4C40-9E71-22972C421916}.Debug|Any CPU.ActiveCfg = Debug|x64
		{7A6FEDCD-2A79-4C40-9E71-22972C421916}.Debug|Any CPU.Build.0 = Debug|x64
		{7A6FEDCD-2A79-4C40-9E71-22972C421916}.Debug|x64.ActiveCfg = Debug|x64
		{7A6FEDCD-2A79-4C40-9E71-22972C421916}.Debug|x64.Build.0 = Debug|x64
		{7A6FEDCD-2A79-4C40-9E71-22972C421916}.Debug|x86.ActiveCfg = Debug|Win32
		{7A6FEDCD-2A79-4C40-9E71-22972C421916}.Debug|x86.Build.0 = Debug|Win32
		{7A6FEDCD-2A79-4C40-9E71-22972C421916}.Release|Any CPU.ActiveCfg = Release|x64
		{7A6FEDCD-2A79-4C40-9E71-22972C421916}.Release|Any CPU.Build.0 = Release|x64
		{7A6FEDCD-2A79-4C40-9E71-22972C421916}.Release|x64.ActiveCfg = Release|x64
		{7A6FEDCD-2A79-4C40-9E71-22972C421916}.Release|x64.Build.0 = Release|x64
		{7A6FEDCD-2A79-4C40-9E71-22972C421916}.Release|x86.ActiveCfg = Release|Win32
		{7A6FEDCD-2A79-4C40-9E71-22972C421916}.Release|x86.Build.0 = Release|Win32
		{542C489B-26AD-4469-BE71-BF88568C28CB}.Debug|Any CPU.ActiveCfg = Debug|x64
		{542C489B-26AD-4469-BE71-BF88568C28CB}.Debug|Any CPU.Build.0 = Debug|x64
		{542C489B-26AD-4469-BE71-BF88568C28CB}.Debug|x64.ActiveCfg = Debug|x64
		{542C489B-26AD-4469-BE71-BF88568C28CB}.Debug|x64.Build.0 = Debug|x64
		{542C489B-26AD-4469-BE71-BF88568C28CB}.Debug|x86.ActiveCfg = Debug|Win32
		{542C489B-26AD-4469-BE71-BF88568C28CB}.Debug|x86.Build.0 = Debug|Win32
		{542C489B-26AD-4469-BE71-BF88568C28CB}.Release|Any CPU.ActiveCfg = Release|x64
		{542C489B-26AD-4469-BE71-BF88568C28CB}.Release|Any CPU.Build.0 = Release|x64
		{542C489B-26AD-4469-BE71-BF88568C28CB}.Release|x64.ActiveCfg = Release|x64
		{542C489B-26AD-4469-BE71-BF88568C28CB}.Release|x64.Build.0 = Release|x64
		{542C489B-26AD-4469-BE71-BF88568C28CB}.Release|x86.ActiveCfg = Release|Win32
		{542C489B-26AD-4469-BE71-BF88568C28CB}.Release|x86.Build.0 = Release|Win32
		{9AD272BB-7B2B-40E3-8872-C7498BCA0667}.Debug|Any CPU.ActiveCfg = Debug|x64
		{9AD272BB-7B2B-40E3-8872-C7498BCA0667}.Debug|Any CPU.Build.0 = Debug|x64
		{9AD272BB-7B2B-40E3-8872-C7498BCA0667}.Debug|x64.ActiveCfg = Debug|x64
		{9AD272BB-7B2B-40E3-8872-C7498BCA0667}.Debug|x64.Build.0 = Debug|x64
		{9AD272BB-7B2B-40E3-8872-C7498BCA0667}.Debug|x86.ActiveCfg = Debug|Win32
		{9AD272BB-7B2B-40E3-8872-C7498BCA0667}.Debug|x86.Build.0 = Debug|Win32
		{9AD272BB-7B2B-40E3-8872-C7498BCA0667}.Release|Any CPU.ActiveCfg = Release|x64
		{9AD272BB-7B2B-40E3-8872-C7498BCA0667}.Release|Any CPU.Build.0 = Release|x64
		{9AD272BB-7B2B-40E3-8872-C7498BCA0667}.Release|x64.ActiveCfg = Release|x64
		{9AD272BB-7B2B-40E3-8872-C7498BCA0667}.Release|x64.Build.0 = Release|x64
		{9AD272BB-7B2B-40E3-8872-C7498BCA0667}.Release|x86.ActiveCfg = Release|Win32
		{9AD272BB-7B2B-40E3-8872-C7498BCA0667}.Release|x86.Build.0 = Release|Win32
		{A19AA41B-3E7C-4254-BE07-F546E2C77F95}.Debug|Any CPU.ActiveCfg = Debug|x64
		{A19AA41B-3E7C-4254-BE07-F546E2C77F95}.Debug|Any CPU.Build.0 = Debug|x64
		{A19AA41B-3E7C-4254-BE07-F546E2C77F95}.Debug|x64.ActiveCfg = Debug|x64
		{A19AA41B-3E7C-4254-BE07-F546E2C77F95}.Debug|x64.Build.0 = Debug|x64
		{A19AA41B-3E7C-4254-BE07-F546E2C77F95}.Debug|x86.ActiveCfg = Debug|Win32
		{A19AA41B-3E7C-4254-BE07-F546E2C77F95}.Debug|x86.Build.0 = Debug|Win32
		{A19AA41B-3E7C-4254-BE07-F546E2C77F95}.Release|Any CPU.ActiveCfg = Release|x64
		{A19AA41B-3E7C-4254-BE07-F546E2C77F95}.Release|Any CPU.Build.0 = Release|x64
		{A19AA41B-3E7C-4254-BE07-F546E2C77F95}.Release|x64.ActiveCfg = Release|x64
		{A19AA41B-3E7C-4254-BE07-F546E2C77F95}.Release|x64.Build.0 = Release|x64
		{A19AA41B-3E7C-4254-BE07-F546E2C77F95}.Release|x86.ActiveCfg = Release|Win32
		{A19AA41B-3E7C-4254-BE07-F546E2C77F95}.Release|x86.Build.0 = Release|Win32
		{7B6F7099-127C-4F1F-BCF2-A5AFA65A01A3}.Debug|Any CPU.ActiveCfg = Debug|x64
		{7B6F7099-127C-4F1F-BCF2-A5AFA65A01A3}.Debug|Any CPU.Build.0 = Debug|x64
		{7B6F7099-127C-4F1F-BCF2-A5AFA65A01A3}.Debug|x64.ActiveCfg = Debug|x64
		{7B6F7099-127C-4F1F-BCF2-A5AFA65A01A3}.Debug|x64.Build.0 = Debug|x64
		{7B6F7099-127C-4F1F-BCF2-A5AFA65A01A3}.Debug|x86.ActiveCfg = Debug|Win32
		{7B6F7099-127C-4F1F-BCF2-A5AFA65A01A3}.Debug|x86.Build.0 = Debug|Win32
		{7B6F7099-127C-4F1F-BCF2-A5AFA65A01A3}.Release|Any CPU.ActiveCfg = Release|x64
		{7B6F7099-127C-4F1F-BCF2-A5AFA65A01A3}.Release|Any CPU.Build.0 = Release|x64
		{7B6F7099-127C-4F1F-BCF2-A5AFA65A01A3}.Release|x64.ActiveCfg = Release|x64
		{7B6F7099-127C-4F1F-BCF2-A5AFA65A01A3}.Release|x64.Build.0 = Release|x64
		{7B6F7099-127C-4F1F-BCF2-A5AFA65A01A3}.Release|x86.ActiveCfg = Release|Win32
		{7B6F7099-127C-4F1F-BCF2-A5AFA65A01A3}.Release|x86.Build.0 = Release|Win32
		{7994F0CF-5D9B-46B2-8F9F-13F65696B0D2}.Debug|Any CPU.ActiveCfg = Debug|x64
		{7994F0CF-5D9B-46B2-8F9F-13F65696B0D2}.Debug|Any CPU.Build.0 = Debug|x64
		{7994F0CF-5D9B-46B2-8F9F-13F65696B0D2}.Debug|x64.ActiveCfg = Debug|x64
		{7994F0CF-5D9B-46B2-8F9F-13F65696B0D2}.Debug|x64.Build.0 = Debug|x64
		{7994F0CF-5D9B-46B2-8F9F-13F65696B0D2}.Debug|x86.ActiveCfg = Debug|Win32
		{7994F0CF-5D9B-46B2-8F9F-13F65696B0D2}.Debug|x86.Build.0 = Debug|Win32
		{7994F0CF-5D9B-46B2-8F9F-13F65696B0D2}.Release|Any CPU.ActiveCfg = Release|x64
		{7994F0CF-5D9B-46B2-8F9F-13F65696B0D2}.Release|Any CPU.Build.0 = Release|x64
		{7994F0CF-5D9B-46B2-8F9F-13F65696B0D2}.Release|x64.ActiveCfg = Release|x64
		{7994F0CF-5D9B-46B2-8F9F-13F65696B0D2}.Release|x64.Build.0 = Release|x64
		{7994F0CF-5D9B-46B2-8F9F-13F65696B0D2}.Release|x86.ActiveCfg = Release|Win32
		{7994F0CF-5D9B-46B2-8F9F-13F65696B0D2}.Release|x86.Build.0 = Release|Win32
		{0B9B7984-6622-4E2F-BA51-BC052BAC7ACC}.Debug|Any CPU.ActiveCfg = Debug|x64
		{0B9B7984-6622-4E2F-BA51-BC052BAC7ACC}.Debug|Any CPU.Build.0 = Debug|x64
		{0B9B7984-6622-4E2F-BA51-BC052BAC7ACC}.Debug|x64.ActiveCfg = Debug|x64
		{0B9B7984-6622-4E2F-BA51-BC052BAC7ACC}.Debug|x64.Build.0 = Debug|x64
		{0B9B7984-6622-4E2F-BA51-BC052BAC7ACC}.Debug|x86.ActiveCfg = Debug|Win32
		{0B9B7984-6622-4E2F-BA51-BC052BAC7ACC}.Debug|x86.Build.0 = Debug|Win32
		{0B9B7984-6622-4E2F-BA51-BC052BAC7ACC}.Release|Any CPU.ActiveCfg = Release|x64
		{0B9B7984-6622-4E2F-BA51-BC052BAC7ACC}.Release|Any CPU.Build.0 = Release|x64
		{0B9B7984-6622-4E2F-BA51-BC052BAC7ACC}.Release|x64.ActiveCfg = Release|x64
		{0B9B7984-6622-4E2F-BA51-BC052BAC7ACC}.Release|x64.Build.0 = Release|x64
		{0B9B7984-6622-4E2F-BA51-BC052BAC7ACC}.Release|x86.ActiveCfg = Release|Win32
		{0B9B7984-6622-4E2F-BA51-BC052BAC7ACC}.Release|x86.Build.0 = Release|Win32
		{EB66C61B-10E0-4927-B318-0FD677E9C256}.Debug|Any CPU.ActiveCfg = Debug|x64
		{EB66C61B-10E0-4927-B318-0FD677E9C256}.Debug|Any CPU.Build.0 = Debug|x64
		{EB66C61B-10E0-4927-B318-0FD677E9C256}.Debug|x64.ActiveCfg = Debug|x64
		{EB66C61B-10E0-4927-B318-0FD677E9C256}.Debug|x64.Build.0 = Debug|x64
		{EB66C61B-10E0-4927-B318-0FD677E9C256}.Debug|x86.ActiveCfg = Debug|Win32
		{EB66C61B-10E0-4927-B318-0FD677E9C256}.Debug|x86.Build.0 = Debug|Win32
		{EB66C61B-10E0-4927-B318-0FD677E9C256}.Release|Any CPU.ActiveCfg = Release|x64
		{EB66C61B-10E0-4927-B318-0FD677E9C256}.Release|Any CPU.Build.0 = Release|x64
		{EB66C61B-10E0-4927-B318-0FD677E9C256}.Release|x64.ActiveCfg = Release|x64
		{EB66C61B-10E0-4927-B318-0FD677E9C256}.Release|x64.Build.0 = Release|x64
		{EB66C61B-10E0-4927-B318-0FD677E9C256}.Release|x86.ActiveCfg = Release|Win32
		{EB66C61B-10E0-4927-B318-0FD677E9C256}.Release|x86.Build.0 = Release|Win32
		{31089492-4683-449D-A140-A93D4241ADA0}.Debug|Any CPU.ActiveCfg = Debug|x64
		{31089492-4683-449D-A140-A93D4241ADA0}.Debug|Any CPU.Build.0 = Debug|x64
		{31089492-4683-449D-A140-A93D4241ADA0}.Debug|x64.ActiveCfg = Debug|x64
		{31089492-4683-449D-A140-A93D4241ADA0}.Debug|x64.Build.0 = Debug|x64
		{31089492-4683-449D-A140-A93D4241ADA0}.Debug|x86.ActiveCfg = Debug|Win32
		{31089492-4683-449D-A140-A93D4241ADA0}.Debug|x86.Build.0 = Debug|Win32
		{31089492-4683-449D-A140-A93D4241ADA0}.Release|Any CPU.ActiveCfg = Release|x64
		{31089492-4683-449D-A140-A93D4241ADA0}.Release|Any CPU.Build.0 = Release|x64
		{31089492-4683-449D-A140-A93D4241ADA0}.Release|x64.ActiveCfg = Release|x64
		{31089492-4683-449D-A140-A93D4241ADA0}.Release|x64.Build.0 = Release|x64
		{31089492-4683-449D-A140-A93D4241ADA0}.Release|x86.ActiveCfg = Release|Win32
		{31089492-4683-449D-A140-A93D4241ADA0}.Release|x86.Build.0 = Release|Win32
		{03965DFB-C428-46CC-AF5D-95601EAE80AE}.Debug|Any CPU.ActiveCfg = Debug|x64
		{03965DFB-C428-46CC-AF5D-95601EAE80AE}.Debug|Any CPU.Build.0 = Debug|x64
		{03965DFB-C428-46CC-AF5D-95601EAE80AE}.Debug|x64.ActiveCfg = Debug|x64
		{03965DFB-C428-46CC-AF5D-95601EAE80AE}.Debug|x64.Build.0 = Debug|x64
		{03965DFB-C428-46CC-AF5D-95601EAE80AE}.Debug|x86.ActiveCfg = Debug|Win32
		{03965DFB-C428-46CC-AF5D-95601EAE80AE}.Debug|x86.Build.0 = Debug|Win32
		{03965DFB-C428-46CC-AF5D-95601EAE80AE}.Release|Any CPU.ActiveCfg = Release|x64
		{03965DFB-C428-46CC-AF5D-95601EAE80AE}.Release|Any CPU.Build.0 = Release|x64
		{03965DFB-C428-46CC-AF5D-95601EAE80AE}.Release|x64.ActiveCfg = Release|x64
		{03965DFB-C428-46CC-AF5D-95601EAE80AE}.Release|x64.Build.0 = Release|x64
		{03965DFB-C428-46CC-AF5D-95601EAE80AE}.Release|x86.ActiveCfg = Release|Win32
		{03965DFB-C428-46CC-AF5D-95601EAE80AE}.Release|x86.Build.0 = Release|Win32
		{533DADBC-B034-48D9-8B72-F01A23CF806D}.Debug|Any CPU.ActiveCfg = Debug|x64
		{533DADBC-B034-48D9-8B72-F01A23CF806D}.Debug|Any CPU.Build.0 = Debug|x64
		{533DADBC-B034-48D9-8B72-F01A23CF806D}.Debug|x64.ActiveCfg = Debug|x64
		{533DADBC-B034-48D9-8B72-F01A23CF806D}.Debug|x64.Build.0 = Debug|x64
		{533DADBC-B034-48D9-8B72-F01A23CF806D}.Debug|x86.ActiveCfg = Debug|Win32
		{533DADBC-B034-48D9-8B72-F01A23CF806D}.Debug|x86.Build.0 = Debug|Win32
		{533DADBC-B034-48D9-8B72-F01A23CF806D}.Release|Any CPU.ActiveCfg = Release|x64
		{533DADBC-B034-48D9-8B72-F01A23CF806D}.Release|Any CPU.Build.0 = Release|x64
		{533DADBC-B034-48D9-8B72-F01A23CF806D}.Release|x64.ActiveCfg = Release|x64
		{533DADBC-B034-48D9-8B72-F01A23CF806D}.Release|x64.Build.0 = Release|x64
		{533DADBC-B034-48D9-8B72-F01A23CF806D}.Release|x86.ActiveCfg = Release|Win32
		{533DADBC-B034-48D9-8B72-F01A23CF806D}.Release|x86.Build.0 = Release|Win32
		{53E4F970-8034-47AE-A3B0-7E78C95FAE7B}.Debug|Any CPU.ActiveCfg = Debug|x64
		{53E4F970-8034-47AE-A3B0-7E78C95FAE7B}.Debug|Any CPU.Build.0 = Debug|x64
		{53E4F970-8034-47AE-A3B0-7E78C95FAE7B}.Debug|x64.ActiveCfg = Debug|x64
		{53E4F970-8034-47AE-A3B0-7E78C95FAE7B}.Debug|x64.Build.0 = Debug|x64
		{53E4F970-8034-47AE-A3B0-7E78C95FAE7B}.Debug|x86.ActiveCfg = Debug|Win32
		{53E4F970-8034-47AE-A3B0-7E78C95FAE7B}.Debug|x86.Build.0 = Debug|Win32
		{53E4F970-8034-47AE-A3B0-7E78C95FAE7B}.Release|Any CPU.ActiveCfg = Release|x64
		{53E4F970-8034-47AE-A3B0-7E78C95FAE7B}.Release|Any CPU.Build.0 = Release|x64
		{53E4F970-8034-47AE-A3B0-7E78C95FAE7B}.Release|x64.ActiveCfg = Release|x64
		{53E4F970-8034-47AE-A3B0-7E78C95FAE7B}.Release|x64.Build.0 = Release|x64
		{53E4F970-8034-47AE-A3B0-7E78C95FAE7B}.Release|x86.ActiveCfg = Release|Win32
		{53E4F970-8034-47AE-A3B0-7E78C95FAE7B}.Release|x86.Build.0 = Release|Win32
		{473F687A-A241-42F2-8569-72228F41355E}.Debug|Any CPU.ActiveCfg = Debug|x64
		{473F687A-A241-42F2-8569-72228F41355E}.Debug|Any CPU.Build.0 = Debug|x64
		{473F687A-A241-42F2-8569-72228F41355E}.Debug|x64.ActiveCfg = Debug|x64
		{473F687A-A241-42F2-8569-72228F41355E}.Debug|x64.Build.0 = Debug|x64
		{473F687A-A241-42F2-8569-72228F41355E}.Debug|x86.ActiveCfg = Debug|Win32
		{473F687A-A241-42F2-8569-72228F41355E}.Debug|x86.Build.0 = Debug|Win32
		{473F687A-A241-42F2-8569-72228F41355E}.Release|Any CPU.ActiveCfg = Release|x64
		{473F687A-A241-42F2-8569-72228F41355E}.Release|Any CPU.Build.0 = Release|x64
		{473F687A-A241-42F2-8569-72228F41355E}.Release|x64.ActiveCfg = Release|x64
		{473F687A-A241-42F2-8569-72228F41355E}.Release|x64.Build.0 = Release|x64
		{473F687A-A241-42F2-8569-72228F41355E}.Release|x86.ActiveCfg = Release|Win32
		{473F687A-A241-42F2-8569-72228F41355E}.Release|x86.Build.0 = Release|Win32
		{439300AE-EA22-42EB-B106-446760D53557}.Debug|Any CPU.ActiveCfg = Debug|x64
		{439300AE-EA22-42EB-B106-446760D53557}.Debug|Any CPU.Build.0 = Debug|x64
		{439300AE-EA22-42EB-B106-446760D53557}.Debug|x64.ActiveCfg = Debug|x64
		{439300AE-EA22-42EB-B106-446760D53557}.Debug|x64.Build.0 = Debug|x64
		{439300AE-EA22-42EB-B106-446760D53557}.Debug|x86.ActiveCfg = Debug|Win32
		{439300AE-EA22-42EB-B106-446760D53557}.Debug|x86.Build.0 = Debug|Win32
		{439300AE-EA22-42EB-B106-446760D53557}.Release|Any CPU.ActiveCfg = Release|x64
		{439300AE-EA22-42EB-B106-446760D53557}.Release|Any CPU.Build.0 = Release|x64
		{439300AE-EA22-42EB-B106-446760D53557}.Release|x64.ActiveCfg = Release|x64
		{439300AE-EA22-42EB-B106-446760D53557}.Release|x64.Build.0 = Release|x64
		{439300AE-EA22-42EB-B106-446760D53557}.Release|x86.ActiveCfg = Release|Win32
		{439300AE-EA22-42EB-B106-446760D53557}.Release|x86.Build.0 = Release|Win32
		{78CB0D88-BDD5-4B8D-A9A3-F708711CEF24}.Debug|Any CPU.ActiveCfg = Debug|x64
		{78CB0D88-BDD5-4B8D-A9A3-F708711CEF24}.Debug|Any CPU.Build.0 = Debug|x64
		{78CB0D88-BDD5-4B8D-A9A3-F708711CEF24}.Debug|x64.ActiveCfg = Debug|x64
		{78CB0D88-BDD5-4B8D-A9A3-F708711CEF24}.Debug|x64.Build.0 = Debug|x64
		{78CB0D88-BDD5-4B8D-A9A3-F708711CEF24}.Debug|x86.ActiveCfg = Debug|Win32
		{78CB0D88-BDD5-4B8D-A9A3-F708711CEF24}.Debug|x86.Build.0 = Debug|Win32
		{78CB0D88-BDD5-4B8D-A9A3-F708711CEF24}.Release|Any CPU.ActiveCfg = Release|x64
		{78CB0D88-BDD5-4B8D-A9A3-F708711CEF24}.Release|Any CPU.Build.0 = Release|x64
		{78CB0D88-BDD5-4B8D-A9A3-F708711CEF24}.Release|x64.ActiveCfg = Release|x64
		{78CB0D88-BDD5-4B8D-A9A3-F708711CEF24}.Release|x64.Build.0 = Release|x64
		{78CB0D88-BDD5-4B8D-A9A3-F708711CEF24}.Release|x86.ActiveCfg = Release|Win32
		{78CB0D88-BDD5-4B8D-A9A3-F708711CEF24}.Release|x86.Build.0 = Release|Win32
		{195191EA-6858-4A13-B873-EB89036E3E51}.Debug|Any CPU.ActiveCfg = Debug|x64
		{195191EA-6858-4A13-B873-EB89036E3E51}.Debug|Any CPU.Build.0 = Debug|x64
		{195191EA-6858-4A13-B873-EB89036E3E51}.Debug|x64.ActiveCfg = Debug|x64
		{195191EA-6858-4A13-B873-EB89036E3E51}.Debug|x64.Build.0 = Debug|x64
		{195191EA-6858-4A13-B873-EB89036E3E51}.Debug|x86.ActiveCfg = Debug|Win32
		{195191EA-6858-4A13-B873-EB89036E3E51}.Debug|x86.Build.0 = Debug|Win32
		{195191EA-6858-4A13-B873-EB89036E3E51}.Release|Any CPU.ActiveCfg = Release|x64
		{195191EA-6858-4A13-B873-EB89036E3E51}.Release|Any CPU.Build.0 = Release|x64
		{195191EA-6858-4A13-B873-EB89036E3E51}.Release|x64.ActiveCfg = Release|x64
		{195191EA-6858-4A13-B873-EB89036E3E51}.Release|x64.Build.0 = Release|x64
		{195191EA-6858-4A13-B873-EB89036E3E51}.Release|x86.ActiveCfg = Release|Win32
		{195191EA-6858-4A13-B873-EB89036E3E51}.Release|x86.Build.0 = Release|Win32
		{BC4F2BC1-A5A1-4A01-A66F-FFEF0951D720}.Debug|Any CPU.ActiveCfg = Debug|x64
		{BC4F2BC1-A5A1-4A01-A66F-FFEF0951D720}.Debug|Any CPU.Build.0 = Debug|x64
		{BC4F2BC1-A5A1-4A01-A66F-FFEF0951D720}.Debug|x64.ActiveCfg = Debug|x64
		{BC4F2BC1-A5A1-4A01-A66F-FFEF0951D720}.Debug|x64.Build.0 = Debug|x64
		{BC4F2BC1-A5A1-4A01-A66F-FFEF0951D720}.Debug|x86.ActiveCfg = Debug|Win32
		{BC4F2BC1-A5A1-4A01-A66F-FFEF0951D720}.Debug|x86.Build.0 = Debug|Win32
		{BC4F2BC1-A5A1-4A01-A66F-FFEF0951D720}.Release|Any CPU.ActiveCfg = Release|x64
		{BC4F2BC1-A5A1-4A01-A66F-FFEF0951D720}.Release|Any CPU.Build.0 = Release|x64
		{BC4F2BC1-A5A1-4A01-A66F-FFEF0951D720}.Release|x64.ActiveCfg = Release|x64
		{BC4F2BC1-A5A1-4A01-A66F-FFEF0951D720}.Release|x64.Build.0 = Release|x64
		{BC4F2BC1-A5A1-4A01-A66F-FFEF0951D720}.Release|x86.ActiveCfg = Release|Win32
		{BC4F2BC1-A5A1-4A01-A66F-FFEF0951D720}.Release|x86.Build.0 = Release|Win32
		{9DA38C49-E064-4E04-9704-69049AB325BE}.Debug|Any CPU.ActiveCfg = Debug|x64
		{9DA38C49-E064-4E04-9704-69049AB325BE}.Debug|Any CPU.Build.0 = Debug|x64
		{9DA38C49-E064-4E04-9704-69049AB325BE}.Debug|x64.ActiveCfg = Debug|x64
		{9DA38C49-E064-4E04-9704-69049AB325BE}.Debug|x64.Build.0 = Debug|x64
		{9DA38C49-E064-4E04-9704-69049AB325BE}.Debug|x86.ActiveCfg = Debug|Win32
		{9DA38C49-E064-4E04-9704-69049AB325BE}.Debug|x86.Build.0 = Debug|Win32
		{9DA38C49-E064-4E04-9704-69049AB325BE}.Release|Any CPU.ActiveCfg = Release|x64
		{9DA38C49-E064-4E04-9704-69049AB325BE}.Release|Any CPU.Build.0 = Release|x64
		{9DA38C49-E064-4E04-9704-69049AB325BE}.Release|x64.ActiveCfg = Release|x64
		{9DA38C49-E064-4E04-9704-69049AB325BE}.Release|x64.Build.0 = Release|x64
		{9DA38C49-E064-4E04-9704-69049AB325BE}.Release|x86.ActiveCfg = Release|Win32
		{9DA38C49-E064-4E04-9704-69049AB325BE}.Release|x86.Build.0 = Release|Win32
		{816DE280-B7E9-4280-B18E-F1E816B2F73C}.Debug|Any CPU.ActiveCfg = Debug|x64
		{816DE280-B7E9-4280-B18E-F1E816B2F73C}.Debug|Any CPU.Build.0 = Debug|x64
		{816DE280-B7E9-4280-B18E-F1E816B2F73C}.Debug|x64.ActiveCfg = Debug|x64
		{816DE280-B7E9-4280-B18E-F1E816B2F73C}.Debug|x64.Build.0 = Debug|x64
		{816DE280-B7E9-4280-B18E-F1E816B2F73C}.Debug|x86.ActiveCfg = Debug|Win32
		{816DE280-B7E9-4280-B18E-F1E816B2F73C}.Debug|x86.Build.0 = Debug|Win32
		{816DE280-B7E9-4280-B18E-F1E816B2F73C}.Release|Any CPU.ActiveCfg = Release|x64
		{816DE280-B7E9-4280-B18E-F1E816B2F73C}.Release|Any CPU.Build.0 = Release|x64
		{816DE280-B7E9-4280-B18E-F1E816B2F73C}.Release|x64.ActiveCfg = Release|x64
		{816DE280-B7E9-4280-B18E-F1E816B2F73C}.Release|x64.Build.0 = Release|x64
		{816DE280-B7E9-4280-B18E-F1E816B2F73C}.Release|x86.ActiveCfg = Release|Win32
		{816DE280-B7E9-4280-B18E-F1E816B2F73C}.Release|x86.Build.0 = Release|Win32
		{6F7F67A3-1C69-4D3D-ACE8-04AB8AA0E64F}.Debug|Any CPU.ActiveCfg = Debug|x64
		{6F7F67A3-1C69-4D3D-ACE8-04AB8AA0E64F}.Debug|Any CPU.Build.0 = Debug|x64
		{6F7F67A3-1C69-4D3D-ACE8-04AB8AA0E64F}.Debug|x64.ActiveCfg = Debug|x64
		{6F7F67A3-1C69-4D3D-ACE8-04AB8AA0E64F}.Debug|x64.Build.0 = Debug|x64
		{6F7F67A3-1C69-4D3D-ACE8-04AB8AA0E64F}.Debug|x86.ActiveCfg = Debug|Win32
		{6F7F67A3-1C69-4D3D-ACE8-04AB8AA0E64F}.Debug|x86.Build.0 = Debug|Win32
		{6F7F67A3-1C69-4D3D-ACE8-04AB8AA0E64F}.Release|Any CPU.ActiveCfg = Release|x64
		{6F7F67A3-1C69-4D3D-ACE8-04AB8AA0E64F}.Release|Any CPU.Build.0 = Release|x64
		{6F7F67A3-1C69-4D3D-ACE8-04AB8AA0E64F}.Release|x64.ActiveCfg = Release|x64
		{6F7F67A3-1C69-4D3D-ACE8-04AB8AA0E64F}.Release|x64.Build.0 = Release|x64
		{6F7F67A3-1C69-4D3D-ACE8-04AB8AA0E64F}.Release|x86.ActiveCfg = Release|Win32
		{6F7F67A3-1C69-4D3D-ACE8-04AB8AA0E64F}.Release|x86.Build.0 = Release|Win32
		{B0105B7E-72E5-4F3A-942B-694224EAD741}.Debug|Any CPU.ActiveCfg = Debug|x64
		{B0105B7E-72E5-4F3A-942B-694224EAD741}.Debug|Any CPU.Build.0 = Debug|x64
		{B0105B7E-72E5-4F3A-942B-694224EAD741}.Debug|x64.ActiveCfg = Debug|x64
		{B0105B7E-72E5-4F3A-942B-694224EAD741}.Debug|x64.Build.0 = Debug|x64
		{B0105B7E-72E5-4F3A-942B-694224EAD741}.Debug|x86.ActiveCfg = Debug|Win32
		{B0105B7E-72E5-4F3A-942B-694224EAD741}.Debug|x86.Build.0 = Debug|Win32
		{B0105B7E-72E5-4F3A-942B-694224EAD741}.Release|Any CPU.ActiveCfg = Release|x64
		{B0105B7E-72E5-4F3A-942B-694224EAD741}.Release|Any CPU.Build.0 = Release|x64
		{B0105B7E-72E5-4F3A-942B-694224EAD741}.Release|x64.ActiveCfg = Release|x64
		{B0105B7E-72E5-4F3A-942B-694224EAD741}.Release|x64.Build.0 = Release|x64
		{B0105B7E-72E5-4F3A-942B-694224EAD741}.Release|x86.ActiveCfg = Release|Win32
		{B0105B7E-72E5-4F3A-942B-694224EAD741}.Release|x86.Build.0 = Release|Win32
		{F312C232-E845-4801-A9DB-C957CA34A488}.Debug|Any CPU.ActiveCfg = Debug|x64
		{F312C232-E845-4801-A9DB-C957CA34A488}.Debug|Any CPU.Build.0 = Debug|x64
		{F312C232-E845-4801-A9DB-C957CA34A488}.Debug|x64.ActiveCfg = Debug|x64
		{F312C232-E845-4801-A9DB-C957CA34A488}.Debug|x64.Build.0 = Debug|x64
		{F312C232-E845-4801-A9DB-C957CA34A488}.Debug|x86.ActiveCfg = Debug|Win32
		{F312C232-E845-4801-A9DB-C957CA34A488}.Debug|x86.Build.0 = Debug|Win32
		{F312C232-E845-4801-A9DB-C957CA34A488}.Release|Any CPU.ActiveCfg = Release|x64
		{F312C232-E845-4801-A9DB-C957CA34A488}.Release|Any CPU.Build.0 = Release|x64
		{F312C232-E845-4801-A9DB-C957CA34A488}.Release|x64.ActiveCfg = Release|x64
		{F312C232-E845-4801-A9DB-C957CA34A488}.Release|x64.Build.0 = Release|x64
		{F312C232-E845-4801-A9DB-C957CA34A488}.Release|x86.ActiveCfg = Release|Win32
		{F312C232-E845-4801-A9DB-C957CA34A488}.Release|x86.Build.0 = Release|Win32
		{0B9FEA9B-45B8-42E2-98BF-D275EFB90428}.Debug|Any CPU.ActiveCfg = Debug|x64
		{0B9FEA9B-45B8-42E2-98BF-D275EFB90428}.Debug|Any CPU.Build.0 = Debug|x64
		{0B9FEA9B-45B8-42E2-98BF-D275EFB90428}.Debug|x64.ActiveCfg = Debug|x64
		{0B9FEA9B-45B8-42E2-98BF-D275EFB90428}.Debug|x64.Build.0 = Debug|x64
		{0B9FEA9B-45B8-42E2-98BF-D275EFB90428}.Debug|x86.ActiveCfg = Debug|Win32
		{0B9FEA9B-45B8-42E2-98BF-D275EFB90428}.Debug|x86.Build.0 = Debug|Win32
		{0B9FEA9B-45B8-42E2-98BF-D275EFB90428}.Release|Any CPU.ActiveCfg = Release|x64
		{0B9FEA9B-45B8-42E2-98BF-D275EFB90428}.Release|Any CPU.Build.0 = Release|x64
		{0B9FEA9B-45B8-42E2-98BF-D275EFB90428}.Release|x64.ActiveCfg = Release|x64
		{0B9FEA9B-45B8-42E2-98BF-D275EFB90428}.Release|x64.Build.0 = Release|x64
		{0B9FEA9B-45B8-42E2-98BF-D275EFB90428}.Release|x86.ActiveCfg = Release|Win32
		{0B9FEA9B-45B8-42E2-98BF-D275EFB90428}.Release|x86.Build.0 = Release|Win32
		{27F8A886-94E8-43FA-8D95-1355C578B36B}.Debug|Any CPU.ActiveCfg = Debug|x64
		{27F8A886-94E8-43FA-8D95-1355C578B36B}.Debug|Any CPU.Build.0 = Debug|x64
		{27F8A886-94E8-43FA-8D95-1355C578B36B}.Debug|x64.ActiveCfg = Debug|x64
		{27F8A886-94E8-43FA-8D95-1355C578B36B}.Debug|x64.Build.0 = Debug|x64
		{27F8A886-94E8-43FA-8D95-1355C578B36B}.Debug|x86.ActiveCfg = Debug|Win32
		{27F8A886-94E8-43FA-8D95-1355C578B36B}.Debug|x86.Build.0 = Debug|Win32
		{27F8A886-94E8-43FA-8D95-1355C578B36B}.Release|Any CPU.ActiveCfg = Release|x64
		{27F8A886-94E8-43FA-8D95-1355C578B36B}.Release|Any CPU.Build.0 = Release|x64
		{27F8A886-94E8-43FA-8D95-1355C578B36B}.Release|x64.ActiveCfg = Release|x64
		{27F8A886-94E8-43FA-8D95-1355C578B36B}.Release|x64.Build.0 = Release|x64
		{27F8A886-94E8-43FA-8D95-1355C578B36B}.Release|x86.ActiveCfg = Release|Win32
		{27F8A886-94E8-43FA-8D95-1355C578B36B}.Release|x86.Build.0 = Release|Win32
		{3C7A31C1-87FC-4012-A4EE-A34BCCA8C49B}.Debug|Any CPU.ActiveCfg = Debug|x64
		{3C7A31C1-87FC-4012-A4EE-A34BCCA8C49B}.Debug|Any CPU.Build.0 = Debug|x64
		{3C7A31C1-87FC-4012-A4EE-A34BCCA8C49B}.Debug|x64.ActiveCfg = Debug|x64
		{3C7A31C1-87FC-4012-A4EE-A34BCCA8C49B}.Debug|x64.Build.0 = Debug|x64
		{3C7A31C1-87FC-4012-A4EE-A34BCCA8C49B}.Debug|x86.ActiveCfg = Debug|Win32
		{3C7A31C1-87FC-4012-A4EE-A34BCCA8C49B}.Debug|x86.Build.0 = Debug|Win32
		{3C7A31C1-87FC-4012-A4EE-A34BCCA8C49B}.Release|Any CPU.ActiveCfg = Release|x64
		{3C7A31C1-87FC-4012-A4EE-A34BCCA8C49B}.Release|Any CPU.Build.0 = Release|x64
		{3C7A31C1-87FC-4012-A4EE-A34BCCA8C49B}.Release|x64.ActiveCfg = Release|x64
		{3C7A31C1-87FC-4012-A4EE-A34BCCA8C49B}.Release|x64.Build.0 = Release|x64
		{3C7A31C1-87FC-4012-A4EE-A34BCCA8C49B}.Release|x86.ActiveCfg = Release|Win32
		{3C7A31C1-87FC-4012-A4EE-A34BCCA8C49B}.Release|x86.Build.0 = Release|Win32
		{B26022E0-B2EF-4AE9-8AE1-30A579BC733C}.Debug|Any CPU.ActiveCfg = Debug|x64
		{B26022E0-B2EF-4AE9-8AE1-30A579BC733C}.Debug|Any CPU.Build.0 = Debug|x64
		{B26022E0-B2EF-4AE9-8AE1-30A579BC733C}.Debug|x64.ActiveCfg = Debug|x64
		{B26022E0-B2EF-4AE9-8AE1-30A579BC733C}.Debug|x64.Build.0 = Debug|x64
		{B26022E0-B2EF-4AE9-8AE1-30A579BC733C}.Debug|x86.ActiveCfg = Debug|Win32
		{B26022E0-B2EF-4AE9-8AE1-30A579BC733C}.Debug|x86.Build.0 = Debug|Win32
		{B26022E0-B2EF-4AE9-8AE1-30A579BC733C}.Release|Any CPU.ActiveCfg = Release|x64
		{B26022E0-B2EF-4AE9-8AE1-30A579BC733C}.Release|Any CPU.Build.0 = Release|x64
		{B26022E0-B2EF-4AE9-8AE1-30A579BC733C}.Release|x64.ActiveCfg = Release|x64
		{B26022E0-B2EF-4AE9-8AE1-30A579BC733C}.Release|x64.Build.0 = Release|x64
		{B26022E0-B2EF-4AE9-8AE1-30A579BC733C}.Release|x86.ActiveCfg = Release|Win32
		{B26022E0-B2EF-4AE9-8AE1-30A579BC733C}.Release|x86.Build.0 = Release|Win32
		{D135C2BF-2582-4A90-A335-0823535BED40}.Debug|Any CPU.ActiveCfg = Debug|x64
		{D135C2BF-2582-4A90-A335-0823535BED40}.Debug|Any CPU.Build.0 = Debug|x64
		{D135C2BF-2582-4A90-A335-0823535BED40}.Debug|x64.ActiveCfg = Debug|x64
		{D135C2BF-2582-4A90-A335-0823535BED40}.Debug|x64.Build.0 = Debug|x64
		{D135C2BF-2582-4A90-A335-0823535BED40}.Debug|x86.ActiveCfg = Debug|Win32
		{D135C2BF-2582-4A90-A335-0823535BED40}.Debug|x86.Build.0 = Debug|Win32
		{D135C2BF-2582-4A90-A335-0823535BED40}.Release|Any CPU.ActiveCfg = Release|x64
		{D135C2BF-2582-4A90-A335-0823535BED40}.Release|Any CPU.Build.0 = Release|x64
		{D135C2BF-2582-4A90-A335-0823535BED40}.Release|x64.ActiveCfg = Release|x64
		{D135C2BF-2582-4A90-A335-0823535BED40}.Release|x64.Build.0 = Release|x64
		{D135C2BF-2582-4A90-A335-0823535BED40}.Release|x86.ActiveCfg = Release|Win32
		{D135C2BF-2582-4A90-A335-0823535BED40}.Release|x86.Build.0 = Release|Win32
		{A5AB3F5E-B7A7-44EF-B2E8-5D223C343490}.Debug|Any CPU.ActiveCfg = Debug|x64
		{A5AB3F5E-B7A7-44EF-B2E8-5D223C343490}.Debug|Any CPU.Build.0 = Debug|x64
		{A5AB3F5E-B7A7-44EF-B2E8-5D223C343490}.Debug|x64.ActiveCfg = Debug|x64
		{A5AB3F5E-B7A7-44EF-B2E8-5D223C343490}.Debug|x64.Build.0 = Debug|x64
		{A5AB3F5E-B7A7-44EF-B2E8-5D223C343490}.Debug|x86.ActiveCfg = Debug|Win32
		{A5AB3F5E-B7A7-44EF-B2E8-5D223C343490}.Debug|x86.Build.0 = Debug|Win32
		{A5AB3F5E-B7A7-44EF-B2E8-5D223C343490}.Release|Any CPU.ActiveCfg = Release|x64
		{A5AB3F5E-B7A7-44EF-B2E8-5D223C343490}.Release|Any CPU.Build.0 = Release|x64
		{A5AB3F5E-B7A7-44EF-B2E8-5D223C343490}.Release|x64.ActiveCfg = Release|x64
		{A5AB3F5E-B7A7-44EF-B2E8-5D223C343490}.Release|x64.Build.0 = Release|x64
		{A5AB3F5E-B7A7-44EF-B2E8-5D223C343490}.Release|x86.ActiveCfg = Release|Win32
		{A5AB3F5E-B7A7-44EF-B2E8-5D223C343490}.Release|x86.Build.0 = Release|Win32
		{91CF33C7-F3DA-4DB3-8A07-82C614D84C01}.Debug|Any CPU.ActiveCfg = Debug|x64
		{91CF33C7-F3DA-4DB3-8A07-82C614D84C01}.Debug|Any CPU.Build.0 = Debug|x64
		{91CF33C7-F3DA-4DB3-8A07-82C614D84C01}.Debug|x64.ActiveCfg = Debug|x64
		{91CF33C7-F3DA-4DB3-8A07-82C614D84C01}.Debug|x64.Build.0 = Debug|x64
		{91CF33C7-F3DA-4DB3-8A07-82C614D84C01}.Debug|x86.ActiveCfg = Debug|Win32
		{91CF33C7-F3DA-4DB3-8A07-82C614D84C01}.Debug|x86.Build.0 = Debug|Win32
		{91CF33C7-F3DA-4DB3-8A07-82C614D84C01}.Release|Any CPU.ActiveCfg = Release|x64
		{91CF33C7-F3DA-4DB3-8A07-82C614D84C01}.Release|Any CPU.Build.0 = Release|x64
		{91CF33C7-F3DA-4DB3-8A07-82C614D84C01}.Release|x64.ActiveCfg = Release|x64
		{91CF33C7-F3DA-4DB3-8A07-82C614D84C01}.Release|x64.Build.0 = Release|x64
		{91CF33C7-F3DA-4DB3-8A07-82C614D84C01}.Release|x86.ActiveCfg = Release|Win32
		{91CF33C7-F3DA-4DB3-8A07-82C614D84C01}.Release|x86.Build.0 = Release|Win32
		{872E1E4B-60C1-462B-A44C-B63480EFA43E}.Debug|Any CPU.ActiveCfg = Debug|x64
		{872E1E4B-60C1-462B-A44C-B63480EFA43E}.Debug|Any CPU.Build.0 = Debug|x64
		{872E1E4B-60C1-462B-A44C-B63480EFA43E}.Debug|x64.ActiveCfg = Debug|x64
		{872E1E4B-60C1-462B-A44C-B63480EFA43E}.Debug|x64.Build.0 = Debug|x64
		{872E1E4B-60C1-462B-A44C-B63480EFA43E}.Debug|x86.ActiveCfg = Debug|Win32
		{872E1E4B-60C1-462B-A44C-B63480EFA43E}.Debug|x86.Build.0 = Debug|Win32
		{872E1E4B-60C1-462B-A44C-B63480EFA43E}.Release|Any CPU.ActiveCfg = Release|x64
		{872E1E4B-60C1-462B-A44C-B63480EFA43E}.Release|Any CPU.Build.0 = Release|x64
		{872E1E4B-60C1-462B-A44C-B63480EFA43E}.Release|x64.ActiveCfg = Release|x64
		{872E1E4B-60C1-462B-A44C-B63480EFA43E}.Release|x64.Build.0 = Release|x64
		{872E1E4B-60C1-462B-A44C-B63480EFA43E}.Release|x86.ActiveCfg = Release|Win32
		{872E1E4B-60C1-462B-A44C-B63480EFA43E}.Release|x86.Build.0 = Release|Win32
		{B649B3F1-CCC3-45FB-92BF-177A73FF19E7}.Debug|Any CPU.ActiveCfg = Debug|x64
		{B649B3F1-CCC3-45FB-92BF-177A73FF19E7}.Debug|Any CPU.Build.0 = Debug|x64
		{B649B3F1-CCC3-45FB-92BF-177A73FF19E7}.Debug|x64.ActiveCfg = Debug|x64
		{B649B3F1-CCC3-45FB-92BF-177A73FF19E7}.Debug|x64.Build.0 = Debug|x64
		{B649B3F1-CCC3-45FB-92BF-177A73FF19E7}.Debug|x86.ActiveCfg = Debug|Win32
		{B649B3F1-CCC3-45FB-92BF-177A73FF19E7}.Debug|x86.Build.0 = Debug|Win32
		{B649B3F1-CCC3-45FB-92BF-177A73FF19E7}.Release|Any CPU.ActiveCfg = Release|x64
		{B649B3F1-CCC3-45FB-92BF-177A73FF19E7}.Release|Any CPU.Build.0 = Release|x64
		{B649B3F1-CCC3-45FB-92BF-177A73FF19E7}.Release|x64.ActiveCfg = Release|x64
		{B649B3F1-CCC3-45FB-92BF-177A73FF19E7}.Release|x64.Build.0 = Release|x64
		{B649B3F1-CCC3-45FB-92BF-177A73FF19E7}.Release|x86.ActiveCfg = Release|Win32
		{B649B3F1-CCC3-45FB-92BF-177A73FF19E7}.Release|x86.Build.0 = Release|Win32
		{EE9139D4-1042-4D27-9609-B33B29FFC1F4}.Debug|Any CPU.ActiveCfg = Debug|x64
		{EE9139D4-1042-4D27-9609-B33B29FFC1F4}.Debug|Any CPU.Build.0 = Debug|x64
		{EE9139D4-1042-4D27-9609-B33B29FFC1F4}.Debug|x64.ActiveCfg = Debug|x64
		{EE9139D4-1042-4D27-9609-B33B29FFC1F4}.Debug|x64.Build.0 = Debug|x64
		{EE9139D4-1042-4D27-9609-B33B29FFC1F4}.Debug|x86.ActiveCfg = Debug|Win32
		{EE9139D4-1042-4D27-9609-B33B29FFC1F4}.Debug|x86.Build.0 = Debug|Win32
		{EE9139D4-1042-4D27-9609-B33B29FFC1F4}.Release|Any CPU.ActiveCfg = Release|x64
		{EE9139D4-1042-4D27-9609-B33B29FFC1F4}.Release|Any CPU.Build.0 = Release|x64
		{EE9139D4-1042-4D27-9609-B33B29FFC1F4}.Release|x64.ActiveCfg = Release|x64
		{EE9139D4-1042-4D27-9609-B33B29FFC1F4}.Release|x64.Build.0 = Release|x64
		{EE9139D4-1042-4D27-9609-B33B29FFC1F4}.Release|x86.ActiveCfg = Release|Win32
		{EE9139D4-1042-4D27-9609-B33B29FFC1F4}.Release|x86.Build.0 = Release|Win32
		{F4041E14-B17F-421F-9880-B9FE8FF1F78A}.Debug|Any CPU.ActiveCfg = Debug|x64
		{F4041E14-B17F-421F-9880-B9FE8FF1F78A}.Debug|Any CPU.Build.0 = Debug|x64
		{F4041E14-B17F-421F-9880-B9FE8FF1F78A}.Debug|x64.ActiveCfg = Debug|x64
		{F4041E14-B17F-421F-9880-B9FE8FF1F78A}.Debug|x64.Build.0 = Debug|x64
		{F4041E14-B17F-421F-9880-B9FE8FF1F78A}.Debug|x86.ActiveCfg = Debug|Win32
		{F4041E14-B17F-421F-9880-B9FE8FF1F78A}.Debug|x86.Build.0 = Debug|Win32
		{F4041E14-B17F-421F-9880-B9FE8FF1F78A}.Release|Any CPU.ActiveCfg = Release|x64
		{F4041E14-B17F-421F-9880-B9FE8FF1F78A}.Release|Any CPU.Build.0 = Release|x64
		{F4041E14-B17F-421F-9880-B9FE8FF1F78A}.Release|x64.ActiveCfg = Release|x64
		{F4041E14-B17F-421F-9880-B9FE8FF1F78A}.Release|x64.Build.0 = Release|x64
		{F4041E14-B17F-421F-9880-B9FE8FF1F78A}.Release|x86.ActiveCfg = Release|Win32
		{F4041E14-B17F-421F-9880-B9FE8FF1F78A}.Release|x86.Build.0 = Release|Win32
		{97681544-F120-4ABF-83E9-232044FA5616}.Debug|Any CPU.ActiveCfg = Debug|x64
		{97681544-F120-4ABF-83E9-232044FA5616}.Debug|Any CPU.Build.0 = Debug|x64
		{97681544-F120-4ABF-83E9-232044FA5616}.Debug|x64.ActiveCfg = Debug|x64
		{97681544-F120-4ABF-83E9-232044FA5616}.Debug|x64.Build.0 = Debug|x64
		{97681544-F120-4ABF-83E9-232044FA5616}.Debug|x86.ActiveCfg = Debug|Win32
		{97681544-F120-4ABF-83E9-232044FA5616}.Debug|x86.Build.0 = Debug|Win32
		{97681544-F120-4ABF-83E9-232044FA5616}.Release|Any CPU.ActiveCfg = Release|x64
		{97681544-F120-4ABF-83E9-232044FA5616}.Release|Any CPU.Build.0 = Release|x64
		{97681544-F120-4ABF-83E9-232044FA5616}.Release|x64.ActiveCfg = Release|x64
		{97681544-F120-4ABF-83E9-232044FA5616}.Release|x64.Build.0 = Release|x64
		{97681544-F120-4ABF-83E9-232044FA5616}.Release|x86.ActiveCfg = Release|Win32
		{97681544-F120-4ABF-83E9-232044FA5616}.Release|x86.Build.0 = Release|Win32
		{686F99A2-8AC8-45AB-92DC-024064D02505}.Debug|Any CPU.ActiveCfg = Debug|x64
		{686F99A2-8AC8-45AB-92DC-024064D02505}.Debug|Any CPU.Build.0 = Debug|x64
		{686F99A2-8AC8-45AB-92DC-024064D02505}.Debug|x64.ActiveCfg = Debug|x64
		{686F99A2-8AC8-45AB-92DC-024064D02505}.Debug|x64.Build.0 = Debug|x64
		{686F99A2-8AC8-45AB-92DC-024064D02505}.Debug|x86.ActiveCfg = Debug|Win32
		{686F99A2-8AC8-45AB-92DC-024064D02505}.Debug|x86.Build.0 = Debug|Win32
		{686F99A2-8AC8-45AB-92DC-024064D02505}.Release|Any CPU.ActiveCfg = Release|x64
		{686F99A2-8AC8-45AB-92DC-024064D02505}.Release|Any CPU.Build.0 = Release|x64
		{686F99A2-8AC8-45AB-92DC-024064D02505}.Release|x64.ActiveCfg = Release|x64
		{686F99A2-8AC8-45AB-92DC-024064D02505}.Release|x64.Build.0 = Release|x64
		{686F99A2-8AC8-45AB-92DC-024064D02505}.Release|x86.ActiveCfg = Release|Win32
		{686F99A2-8AC8-45AB-92DC-024064D02505}.Release|x86.Build.0 = Release|Win32
		{3AB4C263-D0D6-4295-B100-FAE3341D851F}.Debug|Any CPU.ActiveCfg = Debug|Any CPU
		{3AB4C263-D0D6-4295-B100-FAE3341D851F}.Debug|Any CPU.Build.0 = Debug|Any CPU
		{3AB4C263-D0D6-4295-B100-FAE3341D851F}.Debug|x64.ActiveCfg = Debug|Any CPU
		{3AB4C263-D0D6-4295-B100-FAE3341D851F}.Debug|x64.Build.0 = Debug|Any CPU
		{3AB4C263-D0D6-4295-B100-FAE3341D851F}.Debug|x86.ActiveCfg = Debug|Any CPU
		{3AB4C263-D0D6-4295-B100-FAE3341D851F}.Debug|x86.Build.0 = Debug|Any CPU
		{3AB4C263-D0D6-4295-B100-FAE3341D851F}.Release|Any CPU.ActiveCfg = Release|Any CPU
		{3AB4C263-D0D6-4295-B100-FAE3341D851F}.Release|Any CPU.Build.0 = Release|Any CPU
		{3AB4C263-D0D6-4295-B100-FAE3341D851F}.Release|x64.ActiveCfg = Release|Any CPU
		{3AB4C263-D0D6-4295-B100-FAE3341D851F}.Release|x64.Build.0 = Release|Any CPU
		{3AB4C263-D0D6-4295-B100-FAE3341D851F}.Release|x86.ActiveCfg = Release|Any CPU
		{3AB4C263-D0D6-4295-B100-FAE3341D851F}.Release|x86.Build.0 = Release|Any CPU
		{A648503E-5F34-24B3-27CB-560F23BC8204}.Debug|Any CPU.ActiveCfg = Debug|Any CPU
		{A648503E-5F34-24B3-27CB-560F23BC8204}.Debug|Any CPU.Build.0 = Debug|Any CPU
		{A648503E-5F34-24B3-27CB-560F23BC8204}.Debug|x64.ActiveCfg = Debug|Any CPU
		{A648503E-5F34-24B3-27CB-560F23BC8204}.Debug|x64.Build.0 = Debug|Any CPU
		{A648503E-5F34-24B3-27CB-560F23BC8204}.Debug|x86.ActiveCfg = Debug|Any CPU
		{A648503E-5F34-24B3-27CB-560F23BC8204}.Debug|x86.Build.0 = Debug|Any CPU
		{A648503E-5F34-24B3-27CB-560F23BC8204}.Release|Any CPU.ActiveCfg = Release|Any CPU
		{A648503E-5F34-24B3-27CB-560F23BC8204}.Release|Any CPU.Build.0 = Release|Any CPU
		{A648503E-5F34-24B3-27CB-560F23BC8204}.Release|x64.ActiveCfg = Release|Any CPU
		{A648503E-5F34-24B3-27CB-560F23BC8204}.Release|x64.Build.0 = Release|Any CPU
		{A648503E-5F34-24B3-27CB-560F23BC8204}.Release|x86.ActiveCfg = Release|Any CPU
		{A648503E-5F34-24B3-27CB-560F23BC8204}.Release|x86.Build.0 = Release|Any CPU
	EndGlobalSection
	GlobalSection(SolutionProperties) = preSolution
		HideSolutionNode = FALSE
	EndGlobalSection
	GlobalSection(ExtensibilityGlobals) = postSolution
		SolutionGuid = {74EF2E2A-9E4F-4A93-9DD5-E204D4BE74BE}
	EndGlobalSection
EndGlobal
