
Microsoft Visual Studio Solution File, Format Version 12.00
# Visual Studio Version 16
VisualStudioVersion = 16.0.30517.126
MinimumVisualStudioVersion = 10.0.40219.1
Project("{8BC9CEB8-8B4A-11D0-8D11-00A0C91BC942}") = "IOUI", "IOUI\IOUI.vcxproj", "{86236AAF-43EF-42CE-BF4B-5A7C558F7121}"
EndProject
Project("{8BC9CEB8-8B4A-11D0-8D11-00A0C91BC942}") = "PCI2312A", "PCI2312A\PCI2312A.vcxproj", "{933B3380-6995-4D19-B35E-FDD35DC62923}"
EndProject
Project("{8BC9CEB8-8B4A-11D0-8D11-00A0C91BC942}") = "PCI8408", "PCI8408\PCI8408.vcxproj", "{A988680F-5784-4FA0-A0AF-E3C9480F59D4}"
EndProject
Project("{8BC9CEB8-8B4A-11D0-8D11-00A0C91BC942}") = "EM9703", "EM9703\EM9703.vcxproj", "{4A9D557C-6087-481A-BD68-1E1C1A37E4C5}"
EndProject
Project("{8BC9CEB8-8B4A-11D0-8D11-00A0C91BC942}") = "PCI8409", "PCI8409\PCI8409.vcxproj", "{A37B45D1-4560-411F-9028-0C4D997FDA56}"
EndProject
Project("{8BC9CEB8-8B4A-11D0-8D11-00A0C91BC942}") = "PCI8735", "PCI8735\PCI8735.vcxproj", "{F60C0F0C-2104-4CD6-B598-F9BE32A6753D}"
EndProject
Project("{8BC9CEB8-8B4A-11D0-8D11-00A0C91BC942}") = "IOUIDebug", "IOUIDebug\IOUIDebug.vcxproj", "{49CB9A54-78DD-4F21-8897-1535EEF91FD5}"
	ProjectSection(ProjectDependencies) = postProject
		{BC4F2BC1-A5A1-4A01-A66F-FFEF0951D720} = {BC4F2BC1-A5A1-4A01-A66F-FFEF0951D720}
	EndProjectSection
EndProject
Project("{8BC9CEB8-8B4A-11D0-8D11-00A0C91BC942}") = "PCI2394", "PCI2394\PCI2394.vcxproj", "{7A6FEDCD-2A79-4C40-9E71-22972C421916}"
EndProject
Project("{8BC9CEB8-8B4A-11D0-8D11-00A0C91BC942}") = "PCI8201", "PCI8201\PCI8201.vcxproj", "{542C489B-26AD-4469-BE71-BF88568C28CB}"
EndProject
Project("{8BC9CEB8-8B4A-11D0-8D11-00A0C91BC942}") = "USB5538", "USB5538\USB5538.vcxproj", "{9AD272BB-7B2B-40E3-8872-C7498BCA0667}"
EndProject
Project("{8BC9CEB8-8B4A-11D0-8D11-00A0C91BC942}") = "SERIALPORT", "SERIALPORT\SERIALPORT.vcxproj", "{A19AA41B-3E7C-4254-BE07-F546E2C77F95}"
EndProject
Project("{8BC9CEB8-8B4A-11D0-8D11-00A0C91BC942}") = "PCI2310", "PCI2310\PCI2310.vcxproj", "{7B6F7099-127C-4F1F-BCF2-A5AFA65A01A3}"
EndProject
Project("{8BC9CEB8-8B4A-11D0-8D11-00A0C91BC942}") = "RPLIDAR", "RPLIDAR\RPLIDAR.vcxproj", "{7994F0CF-5D9B-46B2-8F9F-13F65696B0D2}"
EndProject
Project("{8BC9CEB8-8B4A-11D0-8D11-00A0C91BC942}") = "MP-NJQK", "MP-NJQK\MP-NJQK.vcxproj", "{0B9B7984-6622-4E2F-BA51-BC052BAC7ACC}"
EndProject
Project("{8BC9CEB8-8B4A-11D0-8D11-00A0C91BC942}") = "PCI2324", "PCI2324\PCI2324.vcxproj", "{EB66C61B-10E0-4927-B318-0FD677E9C256}"
EndProject
Project("{8BC9CEB8-8B4A-11D0-8D11-00A0C91BC942}") = "MP-NJLJ", "MP-NJLJ\MP-NJLJ.vcxproj", "{31089492-4683-449D-A140-A93D4241ADA0}"
EndProject
Project("{8BC9CEB8-8B4A-11D0-8D11-00A0C91BC942}") = "PCI1020", "PCI1020\PCI1020.vcxproj", "{03965DFB-C428-46CC-AF5D-95601EAE80AE}"
EndProject
Project("{8BC9CEB8-8B4A-11D0-8D11-00A0C91BC942}") = "PCI8407", "PCI8407\PCI8407.vcxproj", "{533DADBC-B034-48D9-8B72-F01A23CF806D}"
EndProject
Project("{8BC9CEB8-8B4A-11D0-8D11-00A0C91BC942}") = "DAM3000M", "DAM3000M\DAM3000M.vcxproj", "{53E4F970-8034-47AE-A3B0-7E78C95FAE7B}"
EndProject
Project("{8BC9CEB8-8B4A-11D0-8D11-00A0C91BC942}") = "CCBOX", "CCBOX\CCBOX.vcxproj", "{473F687A-A241-42F2-8569-72228F41355E}"
EndProject
Project("{8BC9CEB8-8B4A-11D0-8D11-00A0C91BC942}") = "EM9008", "EM9008\EM9008.vcxproj", "{439300AE-EA22-42EB-B106-446760D53557}"
EndProject
Project("{8BC9CEB8-8B4A-11D0-8D11-00A0C91BC942}") = "ENCODER-BH38", "ENCODER-BH38\ENCODER-BH38.vcxproj", "{78CB0D88-BDD5-4B8D-A9A3-F708711CEF24}"
EndProject
Project("{8BC9CEB8-8B4A-11D0-8D11-00A0C91BC942}") = "SLDS-D10", "SLDS-D10\SLDS-D10.vcxproj", "{195191EA-6858-4A13-B873-EB89036E3E51}"
EndProject
Project("{8BC9CEB8-8B4A-11D0-8D11-00A0C91BC942}") = "TUIO", "TUIO\TUIO.vcxproj", "{BC4F2BC1-A5A1-4A01-A66F-FFEF0951D720}"
EndProject
Global
	GlobalSection(SolutionConfigurationPlatforms) = preSolution
		Debug|x64 = Debug|x64
		Debug|x86 = Debug|x86
		Release|x64 = Release|x64
		Release|x86 = Release|x86
	EndGlobalSection
	GlobalSection(ProjectConfigurationPlatforms) = postSolution
		{86236AAF-43EF-42CE-BF4B-5A7C558F7121}.Debug|x64.ActiveCfg = Debug|x64
		{86236AAF-43EF-42CE-BF4B-5A7C558F7121}.Debug|x64.Build.0 = Debug|x64
		{86236AAF-43EF-42CE-BF4B-5A7C558F7121}.Debug|x86.ActiveCfg = Debug|Win32
		{86236AAF-43EF-42CE-BF4B-5A7C558F7121}.Debug|x86.Build.0 = Debug|Win32
		{86236AAF-43EF-42CE-BF4B-5A7C558F7121}.Release|x64.ActiveCfg = Release|x64
		{86236AAF-43EF-42CE-BF4B-5A7C558F7121}.Release|x64.Build.0 = Release|x64
		{86236AAF-43EF-42CE-BF4B-5A7C558F7121}.Release|x86.ActiveCfg = Release|Win32
		{86236AAF-43EF-42CE-BF4B-5A7C558F7121}.Release|x86.Build.0 = Release|Win32
		{933B3380-6995-4D19-B35E-FDD35DC62923}.Debug|x64.ActiveCfg = Debug|x64
		{933B3380-6995-4D19-B35E-FDD35DC62923}.Debug|x64.Build.0 = Debug|x64
		{933B3380-6995-4D19-B35E-FDD35DC62923}.Debug|x86.ActiveCfg = Debug|Win32
		{933B3380-6995-4D19-B35E-FDD35DC62923}.Debug|x86.Build.0 = Debug|Win32
		{933B3380-6995-4D19-B35E-FDD35DC62923}.Release|x64.ActiveCfg = Release|x64
		{933B3380-6995-4D19-B35E-FDD35DC62923}.Release|x64.Build.0 = Release|x64
		{933B3380-6995-4D19-B35E-FDD35DC62923}.Release|x86.ActiveCfg = Release|Win32
		{933B3380-6995-4D19-B35E-FDD35DC62923}.Release|x86.Build.0 = Release|Win32
		{A988680F-5784-4FA0-A0AF-E3C9480F59D4}.Debug|x64.ActiveCfg = Debug|x64
		{A988680F-5784-4FA0-A0AF-E3C9480F59D4}.Debug|x64.Build.0 = Debug|x64
		{A988680F-5784-4FA0-A0AF-E3C9480F59D4}.Debug|x86.ActiveCfg = Debug|Win32
		{A988680F-5784-4FA0-A0AF-E3C9480F59D4}.Debug|x86.Build.0 = Debug|Win32
		{A988680F-5784-4FA0-A0AF-E3C9480F59D4}.Release|x64.ActiveCfg = Release|x64
		{A988680F-5784-4FA0-A0AF-E3C9480F59D4}.Release|x64.Build.0 = Release|x64
		{A988680F-5784-4FA0-A0AF-E3C9480F59D4}.Release|x86.ActiveCfg = Release|Win32
		{A988680F-5784-4FA0-A0AF-E3C9480F59D4}.Release|x86.Build.0 = Release|Win32
		{4A9D557C-6087-481A-BD68-1E1C1A37E4C5}.Debug|x64.ActiveCfg = Debug|x64
		{4A9D557C-6087-481A-BD68-1E1C1A37E4C5}.Debug|x64.Build.0 = Debug|x64
		{4A9D557C-6087-481A-BD68-1E1C1A37E4C5}.Debug|x86.ActiveCfg = Debug|Win32
		{4A9D557C-6087-481A-BD68-1E1C1A37E4C5}.Debug|x86.Build.0 = Debug|Win32
		{4A9D557C-6087-481A-BD68-1E1C1A37E4C5}.Release|x64.ActiveCfg = Release|x64
		{4A9D557C-6087-481A-BD68-1E1C1A37E4C5}.Release|x64.Build.0 = Release|x64
		{4A9D557C-6087-481A-BD68-1E1C1A37E4C5}.Release|x86.ActiveCfg = Release|Win32
		{4A9D557C-6087-481A-BD68-1E1C1A37E4C5}.Release|x86.Build.0 = Release|Win32
		{A37B45D1-4560-411F-9028-0C4D997FDA56}.Debug|x64.ActiveCfg = Debug|x64
		{A37B45D1-4560-411F-9028-0C4D997FDA56}.Debug|x64.Build.0 = Debug|x64
		{A37B45D1-4560-411F-9028-0C4D997FDA56}.Debug|x86.ActiveCfg = Debug|Win32
		{A37B45D1-4560-411F-9028-0C4D997FDA56}.Debug|x86.Build.0 = Debug|Win32
		{A37B45D1-4560-411F-9028-0C4D997FDA56}.Release|x64.ActiveCfg = Release|x64
		{A37B45D1-4560-411F-9028-0C4D997FDA56}.Release|x64.Build.0 = Release|x64
		{A37B45D1-4560-411F-9028-0C4D997FDA56}.Release|x86.ActiveCfg = Release|Win32
		{A37B45D1-4560-411F-9028-0C4D997FDA56}.Release|x86.Build.0 = Release|Win32
		{F60C0F0C-2104-4CD6-B598-F9BE32A6753D}.Debug|x64.ActiveCfg = Debug|x64
		{F60C0F0C-2104-4CD6-B598-F9BE32A6753D}.Debug|x64.Build.0 = Debug|x64
		{F60C0F0C-2104-4CD6-B598-F9BE32A6753D}.Debug|x86.ActiveCfg = Debug|Win32
		{F60C0F0C-2104-4CD6-B598-F9BE32A6753D}.Debug|x86.Build.0 = Debug|Win32
		{F60C0F0C-2104-4CD6-B598-F9BE32A6753D}.Release|x64.ActiveCfg = Release|x64
		{F60C0F0C-2104-4CD6-B598-F9BE32A6753D}.Release|x64.Build.0 = Release|x64
		{F60C0F0C-2104-4CD6-B598-F9BE32A6753D}.Release|x86.ActiveCfg = Release|Win32
		{F60C0F0C-2104-4CD6-B598-F9BE32A6753D}.Release|x86.Build.0 = Release|Win32
		{49CB9A54-78DD-4F21-8897-1535EEF91FD5}.Debug|x64.ActiveCfg = Debug|x64
		{49CB9A54-78DD-4F21-8897-1535EEF91FD5}.Debug|x64.Build.0 = Debug|x64
		{49CB9A54-78DD-4F21-8897-1535EEF91FD5}.Debug|x86.ActiveCfg = Debug|Win32
		{49CB9A54-78DD-4F21-8897-1535EEF91FD5}.Debug|x86.Build.0 = Debug|Win32
		{49CB9A54-78DD-4F21-8897-1535EEF91FD5}.Release|x64.ActiveCfg = Release|x64
		{49CB9A54-78DD-4F21-8897-1535EEF91FD5}.Release|x64.Build.0 = Release|x64
		{49CB9A54-78DD-4F21-8897-1535EEF91FD5}.Release|x86.ActiveCfg = Release|Win32
		{49CB9A54-78DD-4F21-8897-1535EEF91FD5}.Release|x86.Build.0 = Release|Win32
		{7A6FEDCD-2A79-4C40-9E71-22972C421916}.Debug|x64.ActiveCfg = Debug|x64
		{7A6FEDCD-2A79-4C40-9E71-22972C421916}.Debug|x64.Build.0 = Debug|x64
		{7A6FEDCD-2A79-4C40-9E71-22972C421916}.Debug|x86.ActiveCfg = Debug|Win32
		{7A6FEDCD-2A79-4C40-9E71-22972C421916}.Debug|x86.Build.0 = Debug|Win32
		{7A6FEDCD-2A79-4C40-9E71-22972C421916}.Release|x64.ActiveCfg = Release|x64
		{7A6FEDCD-2A79-4C40-9E71-22972C421916}.Release|x64.Build.0 = Release|x64
		{7A6FEDCD-2A79-4C40-9E71-22972C421916}.Release|x86.ActiveCfg = Release|Win32
		{7A6FEDCD-2A79-4C40-9E71-22972C421916}.Release|x86.Build.0 = Release|Win32
		{542C489B-26AD-4469-BE71-BF88568C28CB}.Debug|x64.ActiveCfg = Debug|x64
		{542C489B-26AD-4469-BE71-BF88568C28CB}.Debug|x64.Build.0 = Debug|x64
		{542C489B-26AD-4469-BE71-BF88568C28CB}.Debug|x86.ActiveCfg = Debug|Win32
		{542C489B-26AD-4469-BE71-BF88568C28CB}.Debug|x86.Build.0 = Debug|Win32
		{542C489B-26AD-4469-BE71-BF88568C28CB}.Release|x64.ActiveCfg = Release|x64
		{542C489B-26AD-4469-BE71-BF88568C28CB}.Release|x64.Build.0 = Release|x64
		{542C489B-26AD-4469-BE71-BF88568C28CB}.Release|x86.ActiveCfg = Release|Win32
		{542C489B-26AD-4469-BE71-BF88568C28CB}.Release|x86.Build.0 = Release|Win32
		{9AD272BB-7B2B-40E3-8872-C7498BCA0667}.Debug|x64.ActiveCfg = Debug|x64
		{9AD272BB-7B2B-40E3-8872-C7498BCA0667}.Debug|x64.Build.0 = Debug|x64
		{9AD272BB-7B2B-40E3-8872-C7498BCA0667}.Debug|x86.ActiveCfg = Debug|Win32
		{9AD272BB-7B2B-40E3-8872-C7498BCA0667}.Debug|x86.Build.0 = Debug|Win32
		{9AD272BB-7B2B-40E3-8872-C7498BCA0667}.Release|x64.ActiveCfg = Release|x64
		{9AD272BB-7B2B-40E3-8872-C7498BCA0667}.Release|x64.Build.0 = Release|x64
		{9AD272BB-7B2B-40E3-8872-C7498BCA0667}.Release|x86.ActiveCfg = Release|Win32
		{9AD272BB-7B2B-40E3-8872-C7498BCA0667}.Release|x86.Build.0 = Release|Win32
		{A19AA41B-3E7C-4254-BE07-F546E2C77F95}.Debug|x64.ActiveCfg = Debug|x64
		{A19AA41B-3E7C-4254-BE07-F546E2C77F95}.Debug|x64.Build.0 = Debug|x64
		{A19AA41B-3E7C-4254-BE07-F546E2C77F95}.Debug|x86.ActiveCfg = Debug|Win32
		{A19AA41B-3E7C-4254-BE07-F546E2C77F95}.Debug|x86.Build.0 = Debug|Win32
		{A19AA41B-3E7C-4254-BE07-F546E2C77F95}.Release|x64.ActiveCfg = Release|x64
		{A19AA41B-3E7C-4254-BE07-F546E2C77F95}.Release|x64.Build.0 = Release|x64
		{A19AA41B-3E7C-4254-BE07-F546E2C77F95}.Release|x86.ActiveCfg = Release|Win32
		{A19AA41B-3E7C-4254-BE07-F546E2C77F95}.Release|x86.Build.0 = Release|Win32
		{7B6F7099-127C-4F1F-BCF2-A5AFA65A01A3}.Debug|x64.ActiveCfg = Debug|x64
		{7B6F7099-127C-4F1F-BCF2-A5AFA65A01A3}.Debug|x64.Build.0 = Debug|x64
		{7B6F7099-127C-4F1F-BCF2-A5AFA65A01A3}.Debug|x86.ActiveCfg = Debug|Win32
		{7B6F7099-127C-4F1F-BCF2-A5AFA65A01A3}.Debug|x86.Build.0 = Debug|Win32
		{7B6F7099-127C-4F1F-BCF2-A5AFA65A01A3}.Release|x64.ActiveCfg = Release|x64
		{7B6F7099-127C-4F1F-BCF2-A5AFA65A01A3}.Release|x64.Build.0 = Release|x64
		{7B6F7099-127C-4F1F-BCF2-A5AFA65A01A3}.Release|x86.ActiveCfg = Release|Win32
		{7B6F7099-127C-4F1F-BCF2-A5AFA65A01A3}.Release|x86.Build.0 = Release|Win32
		{7994F0CF-5D9B-46B2-8F9F-13F65696B0D2}.Debug|x64.ActiveCfg = Debug|x64
		{7994F0CF-5D9B-46B2-8F9F-13F65696B0D2}.Debug|x64.Build.0 = Debug|x64
		{7994F0CF-5D9B-46B2-8F9F-13F65696B0D2}.Debug|x86.ActiveCfg = Debug|Win32
		{7994F0CF-5D9B-46B2-8F9F-13F65696B0D2}.Debug|x86.Build.0 = Debug|Win32
		{7994F0CF-5D9B-46B2-8F9F-13F65696B0D2}.Release|x64.ActiveCfg = Release|x64
		{7994F0CF-5D9B-46B2-8F9F-13F65696B0D2}.Release|x64.Build.0 = Release|x64
		{7994F0CF-5D9B-46B2-8F9F-13F65696B0D2}.Release|x86.ActiveCfg = Release|Win32
		{7994F0CF-5D9B-46B2-8F9F-13F65696B0D2}.Release|x86.Build.0 = Release|Win32
		{0B9B7984-6622-4E2F-BA51-BC052BAC7ACC}.Debug|x64.ActiveCfg = Debug|x64
		{0B9B7984-6622-4E2F-BA51-BC052BAC7ACC}.Debug|x64.Build.0 = Debug|x64
		{0B9B7984-6622-4E2F-BA51-BC052BAC7ACC}.Debug|x86.ActiveCfg = Debug|Win32
		{0B9B7984-6622-4E2F-BA51-BC052BAC7ACC}.Debug|x86.Build.0 = Debug|Win32
		{0B9B7984-6622-4E2F-BA51-BC052BAC7ACC}.Release|x64.ActiveCfg = Release|x64
		{0B9B7984-6622-4E2F-BA51-BC052BAC7ACC}.Release|x64.Build.0 = Release|x64
		{0B9B7984-6622-4E2F-BA51-BC052BAC7ACC}.Release|x86.ActiveCfg = Release|Win32
		{0B9B7984-6622-4E2F-BA51-BC052BAC7ACC}.Release|x86.Build.0 = Release|Win32
		{EB66C61B-10E0-4927-B318-0FD677E9C256}.Debug|x64.ActiveCfg = Debug|x64
		{EB66C61B-10E0-4927-B318-0FD677E9C256}.Debug|x64.Build.0 = Debug|x64
		{EB66C61B-10E0-4927-B318-0FD677E9C256}.Debug|x86.ActiveCfg = Debug|Win32
		{EB66C61B-10E0-4927-B318-0FD677E9C256}.Debug|x86.Build.0 = Debug|Win32
		{EB66C61B-10E0-4927-B318-0FD677E9C256}.Release|x64.ActiveCfg = Release|x64
		{EB66C61B-10E0-4927-B318-0FD677E9C256}.Release|x64.Build.0 = Release|x64
		{EB66C61B-10E0-4927-B318-0FD677E9C256}.Release|x86.ActiveCfg = Release|Win32
		{EB66C61B-10E0-4927-B318-0FD677E9C256}.Release|x86.Build.0 = Release|Win32
		{31089492-4683-449D-A140-A93D4241ADA0}.Debug|x64.ActiveCfg = Debug|x64
		{31089492-4683-449D-A140-A93D4241ADA0}.Debug|x64.Build.0 = Debug|x64
		{31089492-4683-449D-A140-A93D4241ADA0}.Debug|x86.ActiveCfg = Debug|Win32
		{31089492-4683-449D-A140-A93D4241ADA0}.Debug|x86.Build.0 = Debug|Win32
		{31089492-4683-449D-A140-A93D4241ADA0}.Release|x64.ActiveCfg = Release|x64
		{31089492-4683-449D-A140-A93D4241ADA0}.Release|x64.Build.0 = Release|x64
		{31089492-4683-449D-A140-A93D4241ADA0}.Release|x86.ActiveCfg = Release|Win32
		{31089492-4683-449D-A140-A93D4241ADA0}.Release|x86.Build.0 = Release|Win32
		{03965DFB-C428-46CC-AF5D-95601EAE80AE}.Debug|x64.ActiveCfg = Debug|x64
		{03965DFB-C428-46CC-AF5D-95601EAE80AE}.Debug|x64.Build.0 = Debug|x64
		{03965DFB-C428-46CC-AF5D-95601EAE80AE}.Debug|x86.ActiveCfg = Debug|Win32
		{03965DFB-C428-46CC-AF5D-95601EAE80AE}.Debug|x86.Build.0 = Debug|Win32
		{03965DFB-C428-46CC-AF5D-95601EAE80AE}.Release|x64.ActiveCfg = Release|x64
		{03965DFB-C428-46CC-AF5D-95601EAE80AE}.Release|x64.Build.0 = Release|x64
		{03965DFB-C428-46CC-AF5D-95601EAE80AE}.Release|x86.ActiveCfg = Release|Win32
		{03965DFB-C428-46CC-AF5D-95601EAE80AE}.Release|x86.Build.0 = Release|Win32
		{533DADBC-B034-48D9-8B72-F01A23CF806D}.Debug|x64.ActiveCfg = Debug|x64
		{533DADBC-B034-48D9-8B72-F01A23CF806D}.Debug|x64.Build.0 = Debug|x64
		{533DADBC-B034-48D9-8B72-F01A23CF806D}.Debug|x86.ActiveCfg = Debug|Win32
		{533DADBC-B034-48D9-8B72-F01A23CF806D}.Debug|x86.Build.0 = Debug|Win32
		{533DADBC-B034-48D9-8B72-F01A23CF806D}.Release|x64.ActiveCfg = Release|x64
		{533DADBC-B034-48D9-8B72-F01A23CF806D}.Release|x64.Build.0 = Release|x64
		{533DADBC-B034-48D9-8B72-F01A23CF806D}.Release|x86.ActiveCfg = Release|Win32
		{533DADBC-B034-48D9-8B72-F01A23CF806D}.Release|x86.Build.0 = Release|Win32
		{53E4F970-8034-47AE-A3B0-7E78C95FAE7B}.Debug|x64.ActiveCfg = Debug|x64
		{53E4F970-8034-47AE-A3B0-7E78C95FAE7B}.Debug|x64.Build.0 = Debug|x64
		{53E4F970-8034-47AE-A3B0-7E78C95FAE7B}.Debug|x86.ActiveCfg = Debug|Win32
		{53E4F970-8034-47AE-A3B0-7E78C95FAE7B}.Debug|x86.Build.0 = Debug|Win32
		{53E4F970-8034-47AE-A3B0-7E78C95FAE7B}.Release|x64.ActiveCfg = Release|x64
		{53E4F970-8034-47AE-A3B0-7E78C95FAE7B}.Release|x64.Build.0 = Release|x64
		{53E4F970-8034-47AE-A3B0-7E78C95FAE7B}.Release|x86.ActiveCfg = Release|Win32
		{53E4F970-8034-47AE-A3B0-7E78C95FAE7B}.Release|x86.Build.0 = Release|Win32
		{473F687A-A241-42F2-8569-72228F41355E}.Debug|x64.ActiveCfg = Debug|x64
		{473F687A-A241-42F2-8569-72228F41355E}.Debug|x64.Build.0 = Debug|x64
		{473F687A-A241-42F2-8569-72228F41355E}.Debug|x86.ActiveCfg = Debug|Win32
		{473F687A-A241-42F2-8569-72228F41355E}.Debug|x86.Build.0 = Debug|Win32
		{473F687A-A241-42F2-8569-72228F41355E}.Release|x64.ActiveCfg = Release|x64
		{473F687A-A241-42F2-8569-72228F41355E}.Release|x64.Build.0 = Release|x64
		{473F687A-A241-42F2-8569-72228F41355E}.Release|x86.ActiveCfg = Release|Win32
		{473F687A-A241-42F2-8569-72228F41355E}.Release|x86.Build.0 = Release|Win32
		{439300AE-EA22-42EB-B106-446760D53557}.Debug|x64.ActiveCfg = Debug|x64
		{439300AE-EA22-42EB-B106-446760D53557}.Debug|x64.Build.0 = Debug|x64
		{439300AE-EA22-42EB-B106-446760D53557}.Debug|x86.ActiveCfg = Debug|Win32
		{439300AE-EA22-42EB-B106-446760D53557}.Debug|x86.Build.0 = Debug|Win32
		{439300AE-EA22-42EB-B106-446760D53557}.Release|x64.ActiveCfg = Release|x64
		{439300AE-EA22-42EB-B106-446760D53557}.Release|x64.Build.0 = Release|x64
		{439300AE-EA22-42EB-B106-446760D53557}.Release|x86.ActiveCfg = Release|Win32
		{439300AE-EA22-42EB-B106-446760D53557}.Release|x86.Build.0 = Release|Win32
		{78CB0D88-BDD5-4B8D-A9A3-F708711CEF24}.Debug|x64.ActiveCfg = Debug|x64
		{78CB0D88-BDD5-4B8D-A9A3-F708711CEF24}.Debug|x64.Build.0 = Debug|x64
		{78CB0D88-BDD5-4B8D-A9A3-F708711CEF24}.Debug|x86.ActiveCfg = Debug|Win32
		{78CB0D88-BDD5-4B8D-A9A3-F708711CEF24}.Debug|x86.Build.0 = Debug|Win32
		{78CB0D88-BDD5-4B8D-A9A3-F708711CEF24}.Release|x64.ActiveCfg = Release|x64
		{78CB0D88-BDD5-4B8D-A9A3-F708711CEF24}.Release|x64.Build.0 = Release|x64
		{78CB0D88-BDD5-4B8D-A9A3-F708711CEF24}.Release|x86.ActiveCfg = Release|Win32
		{78CB0D88-BDD5-4B8D-A9A3-F708711CEF24}.Release|x86.Build.0 = Release|Win32
		{195191EA-6858-4A13-B873-EB89036E3E51}.Debug|x64.ActiveCfg = Debug|x64
		{195191EA-6858-4A13-B873-EB89036E3E51}.Debug|x64.Build.0 = Debug|x64
		{195191EA-6858-4A13-B873-EB89036E3E51}.Debug|x86.ActiveCfg = Debug|Win32
		{195191EA-6858-4A13-B873-EB89036E3E51}.Debug|x86.Build.0 = Debug|Win32
		{195191EA-6858-4A13-B873-EB89036E3E51}.Release|x64.ActiveCfg = Release|x64
		{195191EA-6858-4A13-B873-EB89036E3E51}.Release|x64.Build.0 = Release|x64
		{195191EA-6858-4A13-B873-EB89036E3E51}.Release|x86.ActiveCfg = Release|Win32
		{195191EA-6858-4A13-B873-EB89036E3E51}.Release|x86.Build.0 = Release|Win32
		{BC4F2BC1-A5A1-4A01-A66F-FFEF0951D720}.Debug|x64.ActiveCfg = Debug|x64
		{BC4F2BC1-A5A1-4A01-A66F-FFEF0951D720}.Debug|x64.Build.0 = Debug|x64
		{BC4F2BC1-A5A1-4A01-A66F-FFEF0951D720}.Debug|x86.ActiveCfg = Debug|Win32
		{BC4F2BC1-A5A1-4A01-A66F-FFEF0951D720}.Debug|x86.Build.0 = Debug|Win32
		{BC4F2BC1-A5A1-4A01-A66F-FFEF0951D720}.Release|x64.ActiveCfg = Release|x64
		{BC4F2BC1-A5A1-4A01-A66F-FFEF0951D720}.Release|x64.Build.0 = Release|x64
		{BC4F2BC1-A5A1-4A01-A66F-FFEF0951D720}.Release|x86.ActiveCfg = Release|Win32
		{BC4F2BC1-A5A1-4A01-A66F-FFEF0951D720}.Release|x86.Build.0 = Release|Win32
	EndGlobalSection
	GlobalSection(SolutionProperties) = preSolution
		HideSolutionNode = FALSE
	EndGlobalSection
	GlobalSection(ExtensibilityGlobals) = postSolution
		SolutionGuid = {74EF2E2A-9E4F-4A93-9DD5-E204D4BE74BE}
	EndGlobalSection
EndGlobal
